// !$*UTF8*$!
{
	archiveVersion = 1;
	classes = {
	};
	objectVersion = 51;
	objects = {

/* Begin PBXBuildFile section */
		2C17666722325A9400269E64 /* PLCollectionView.m in Sources */ = {isa = PBXBuildFile; fileRef = 2C17666622325A9400269E64 /* PLCollectionView.m */; };
		2C17666A22325B7100269E64 /* PLCollectionViewCell.m in Sources */ = {isa = PBXBuildFile; fileRef = 2C17666922325B7100269E64 /* PLCollectionViewCell.m */; };
		2C17666D223266E800269E64 /* UINavigationBar+Awesome.m in Sources */ = {isa = PBXBuildFile; fileRef = 2C17666B223266E800269E64 /* UINavigationBar+Awesome.m */; };
		2C17667022326B6000269E64 /* PLYanaShareVC.m in Sources */ = {isa = PBXBuildFile; fileRef = 2C17666F22326B6000269E64 /* PLYanaShareVC.m */; };
		2C1766732232717100269E64 /* PLShareView.m in Sources */ = {isa = PBXBuildFile; fileRef = 2C1766722232717100269E64 /* PLShareView.m */; };
		2C1766762232742500269E64 /* PLShareButton.m in Sources */ = {isa = PBXBuildFile; fileRef = 2C1766752232742500269E64 /* PLShareButton.m */; };
		2C4814EC223133BD00D57D9C /* main.m in Sources */ = {isa = PBXBuildFile; fileRef = 2C4814E6223133BD00D57D9C /* main.m */; };
		2C4814ED223133BD00D57D9C /* AppDelegate.m in Sources */ = {isa = PBXBuildFile; fileRef = 2C4814E7223133BD00D57D9C /* AppDelegate.m */; };
		2C4814F42231388700D57D9C /* PLTabBarController.m in Sources */ = {isa = PBXBuildFile; fileRef = 2C4814F32231388700D57D9C /* PLTabBarController.m */; };
		2C4814F72231396E00D57D9C /* PLBaseViewController.m in Sources */ = {isa = PBXBuildFile; fileRef = 2C4814F62231396E00D57D9C /* PLBaseViewController.m */; };
		2C4814FA223139F400D57D9C /* PLNavigationViewController.m in Sources */ = {isa = PBXBuildFile; fileRef = 2C4814F9223139F400D57D9C /* PLNavigationViewController.m */; };
		2C4814FD22313B7B00D57D9C /* PLYanaViewController.m in Sources */ = {isa = PBXBuildFile; fileRef = 2C4814FC22313B7B00D57D9C /* PLYanaViewController.m */; };
		2C48150122313D0600D57D9C /* PLHanLinViewController.m in Sources */ = {isa = PBXBuildFile; fileRef = 2C48150022313D0600D57D9C /* PLHanLinViewController.m */; };
		7C25E33A7EF24C8CAA397FFC /* Pods_PirateIsland.framework in Frameworks */ = {isa = PBXBuildFile; fileRef = D4A6411877DAE0871A93DA03 /* Pods_PirateIsland.framework */; };
		AEF183492230F9DA00121D93 /* Assets.xcassets in Resources */ = {isa = PBXBuildFile; fileRef = AEF183482230F9DA00121D93 /* Assets.xcassets */; };
		AEF1834C2230F9DA00121D93 /* LaunchScreen.storyboard in Resources */ = {isa = PBXBuildFile; fileRef = AEF1834A2230F9DA00121D93 /* LaunchScreen.storyboard */; };
/* End PBXBuildFile section */

/* Begin PBXFileReference section */
		2C17666522325A9400269E64 /* PLCollectionView.h */ = {isa = PBXFileReference; lastKnownFileType = sourcecode.c.h; path = PLCollectionView.h; sourceTree = "<group>"; };
		2C17666622325A9400269E64 /* PLCollectionView.m */ = {isa = PBXFileReference; lastKnownFileType = sourcecode.c.objc; path = PLCollectionView.m; sourceTree = "<group>"; };
		2C17666822325B7100269E64 /* PLCollectionViewCell.h */ = {isa = PBXFileReference; lastKnownFileType = sourcecode.c.h; path = PLCollectionViewCell.h; sourceTree = "<group>"; };
		2C17666922325B7100269E64 /* PLCollectionViewCell.m */ = {isa = PBXFileReference; lastKnownFileType = sourcecode.c.objc; path = PLCollectionViewCell.m; sourceTree = "<group>"; };
		2C17666B223266E800269E64 /* UINavigationBar+Awesome.m */ = {isa = PBXFileReference; fileEncoding = 4; lastKnownFileType = sourcecode.c.objc; path = "UINavigationBar+Awesome.m"; sourceTree = "<group>"; };
		2C17666C223266E800269E64 /* UINavigationBar+Awesome.h */ = {isa = PBXFileReference; fileEncoding = 4; lastKnownFileType = sourcecode.c.h; path = "UINavigationBar+Awesome.h"; sourceTree = "<group>"; };
		2C17666E22326B6000269E64 /* PLYanaShareVC.h */ = {isa = PBXFileReference; lastKnownFileType = sourcecode.c.h; path = PLYanaShareVC.h; sourceTree = "<group>"; };
		2C17666F22326B6000269E64 /* PLYanaShareVC.m */ = {isa = PBXFileReference; lastKnownFileType = sourcecode.c.objc; path = PLYanaShareVC.m; sourceTree = "<group>"; };
		2C1766712232717100269E64 /* PLShareView.h */ = {isa = PBXFileReference; lastKnownFileType = sourcecode.c.h; path = PLShareView.h; sourceTree = "<group>"; };
		2C1766722232717100269E64 /* PLShareView.m */ = {isa = PBXFileReference; lastKnownFileType = sourcecode.c.objc; path = PLShareView.m; sourceTree = "<group>"; };
		2C1766742232742500269E64 /* PLShareButton.h */ = {isa = PBXFileReference; lastKnownFileType = sourcecode.c.h; path = PLShareButton.h; sourceTree = "<group>"; };
		2C1766752232742500269E64 /* PLShareButton.m */ = {isa = PBXFileReference; lastKnownFileType = sourcecode.c.objc; path = PLShareButton.m; sourceTree = "<group>"; };
		2C4814E5223133BD00D57D9C /* AppDelegate.h */ = {isa = PBXFileReference; fileEncoding = 4; lastKnownFileType = sourcecode.c.h; path = AppDelegate.h; sourceTree = "<group>"; };
		2C4814E6223133BD00D57D9C /* main.m */ = {isa = PBXFileReference; fileEncoding = 4; lastKnownFileType = sourcecode.c.objc; path = main.m; sourceTree = "<group>"; };
		2C4814E7223133BD00D57D9C /* AppDelegate.m */ = {isa = PBXFileReference; fileEncoding = 4; lastKnownFileType = sourcecode.c.objc; path = AppDelegate.m; sourceTree = "<group>"; };
		2C4814E8223133BD00D57D9C /* Info.plist */ = {isa = PBXFileReference; fileEncoding = 4; lastKnownFileType = text.plist.xml; path = Info.plist; sourceTree = "<group>"; };
		2C4814EF2231344B00D57D9C /* PrefixHeader.pch */ = {isa = PBXFileReference; lastKnownFileType = sourcecode.c.h; path = PrefixHeader.pch; sourceTree = "<group>"; };
		2C4814F22231388700D57D9C /* PLTabBarController.h */ = {isa = PBXFileReference; lastKnownFileType = sourcecode.c.h; path = PLTabBarController.h; sourceTree = "<group>"; };
		2C4814F32231388700D57D9C /* PLTabBarController.m */ = {isa = PBXFileReference; lastKnownFileType = sourcecode.c.objc; path = PLTabBarController.m; sourceTree = "<group>"; };
		2C4814F52231396E00D57D9C /* PLBaseViewController.h */ = {isa = PBXFileReference; lastKnownFileType = sourcecode.c.h; path = PLBaseViewController.h; sourceTree = "<group>"; };
		2C4814F62231396E00D57D9C /* PLBaseViewController.m */ = {isa = PBXFileReference; lastKnownFileType = sourcecode.c.objc; path = PLBaseViewController.m; sourceTree = "<group>"; };
		2C4814F8223139F400D57D9C /* PLNavigationViewController.h */ = {isa = PBXFileReference; lastKnownFileType = sourcecode.c.h; path = PLNavigationViewController.h; sourceTree = "<group>"; };
		2C4814F9223139F400D57D9C /* PLNavigationViewController.m */ = {isa = PBXFileReference; lastKnownFileType = sourcecode.c.objc; path = PLNavigationViewController.m; sourceTree = "<group>"; };
		2C4814FB22313B7B00D57D9C /* PLYanaViewController.h */ = {isa = PBXFileReference; lastKnownFileType = sourcecode.c.h; path = PLYanaViewController.h; sourceTree = "<group>"; };
		2C4814FC22313B7B00D57D9C /* PLYanaViewController.m */ = {isa = PBXFileReference; lastKnownFileType = sourcecode.c.objc; path = PLYanaViewController.m; sourceTree = "<group>"; };
		2C4814FF22313D0600D57D9C /* PLHanLinViewController.h */ = {isa = PBXFileReference; lastKnownFileType = sourcecode.c.h; path = PLHanLinViewController.h; sourceTree = "<group>"; };
		2C48150022313D0600D57D9C /* PLHanLinViewController.m */ = {isa = PBXFileReference; lastKnownFileType = sourcecode.c.objc; path = PLHanLinViewController.m; sourceTree = "<group>"; };
		4DB5D5EAE2599975C559EA1F /* Pods-PirateIsland.release.xcconfig */ = {isa = PBXFileReference; includeInIndex = 1; lastKnownFileType = text.xcconfig; name = "Pods-PirateIsland.release.xcconfig"; path = "Target Support Files/Pods-PirateIsland/Pods-PirateIsland.release.xcconfig"; sourceTree = "<group>"; };
		9660252AEE6ADE333289619C /* Pods-PirateIsland.debug.xcconfig */ = {isa = PBXFileReference; includeInIndex = 1; lastKnownFileType = text.xcconfig; name = "Pods-PirateIsland.debug.xcconfig"; path = "Target Support Files/Pods-PirateIsland/Pods-PirateIsland.debug.xcconfig"; sourceTree = "<group>"; };
		AEF1833C2230F9D800121D93 /* PirateIsland.app */ = {isa = PBXFileReference; explicitFileType = wrapper.application; includeInIndex = 0; path = PirateIsland.app; sourceTree = BUILT_PRODUCTS_DIR; };
		AEF183482230F9DA00121D93 /* Assets.xcassets */ = {isa = PBXFileReference; lastKnownFileType = folder.assetcatalog; path = Assets.xcassets; sourceTree = "<group>"; };
		AEF1834B2230F9DA00121D93 /* Base */ = {isa = PBXFileReference; lastKnownFileType = file.storyboard; name = Base; path = Base.lproj/LaunchScreen.storyboard; sourceTree = "<group>"; };
		D4A6411877DAE0871A93DA03 /* Pods_PirateIsland.framework */ = {isa = PBXFileReference; explicitFileType = wrapper.framework; includeInIndex = 0; path = Pods_PirateIsland.framework; sourceTree = BUILT_PRODUCTS_DIR; };
/* End PBXFileReference section */

/* Begin PBXFrameworksBuildPhase section */
		AEF183392230F9D800121D93 /* Frameworks */ = {
			isa = PBXFrameworksBuildPhase;
			buildActionMask = 2147483647;
			files = (
				7C25E33A7EF24C8CAA397FFC /* Pods_PirateIsland.framework in Frameworks */,
			);
			runOnlyForDeploymentPostprocessing = 0;
		};
/* End PBXFrameworksBuildPhase section */

/* Begin PBXGroup section */
		2C4814E4223133BD00D57D9C /* SupportingFiles */ = {
			isa = PBXGroup;
			children = (
				2C4814E5223133BD00D57D9C /* AppDelegate.h */,
				2C4814E7223133BD00D57D9C /* AppDelegate.m */,
				2C4814E8223133BD00D57D9C /* Info.plist */,
				2C4814E6223133BD00D57D9C /* main.m */,
			);
			path = SupportingFiles;
			sourceTree = "<group>";
		};
		2C4814E9223133BD00D57D9C /* Library(三方库) */ = {
			isa = PBXGroup;
			children = (
			);
			path = "Library(三方库)";
			sourceTree = "<group>";
		};
		2C4814EA223133BD00D57D9C /* Headers */ = {
			isa = PBXGroup;
			children = (
				2C4814EF2231344B00D57D9C /* PrefixHeader.pch */,
			);
			path = Headers;
			sourceTree = "<group>";
		};
		2C4814F02231383A00D57D9C /* CommonUnit */ = {
			isa = PBXGroup;
			children = (
				2C4814F22231388700D57D9C /* PLTabBarController.h */,
				2C4814F32231388700D57D9C /* PLTabBarController.m */,
				2C4814F52231396E00D57D9C /* PLBaseViewController.h */,
				2C4814F62231396E00D57D9C /* PLBaseViewController.m */,
				2C4814F8223139F400D57D9C /* PLNavigationViewController.h */,
				2C4814F9223139F400D57D9C /* PLNavigationViewController.m */,
			);
			path = CommonUnit;
			sourceTree = "<group>";
		};
		2C4814F12231384300D57D9C /* YanaUnit */ = {
			isa = PBXGroup;
			children = (
				2C4814FB22313B7B00D57D9C /* PLYanaViewController.h */,
				2C4814FC22313B7B00D57D9C /* PLYanaViewController.m */,
				2C17666522325A9400269E64 /* PLCollectionView.h */,
				2C17666622325A9400269E64 /* PLCollectionView.m */,
				2C17666822325B7100269E64 /* PLCollectionViewCell.h */,
				2C17666922325B7100269E64 /* PLCollectionViewCell.m */,
				2C17666C223266E800269E64 /* UINavigationBar+Awesome.h */,
				2C17666B223266E800269E64 /* UINavigationBar+Awesome.m */,
				2C17666E22326B6000269E64 /* PLYanaShareVC.h */,
				2C17666F22326B6000269E64 /* PLYanaShareVC.m */,
				2C1766712232717100269E64 /* PLShareView.h */,
				2C1766722232717100269E64 /* PLShareView.m */,
				2C1766742232742500269E64 /* PLShareButton.h */,
				2C1766752232742500269E64 /* PLShareButton.m */,
			);
			path = YanaUnit;
			sourceTree = "<group>";
		};
		2C4814FE22313CE000D57D9C /* HLUnit */ = {
			isa = PBXGroup;
			children = (
				2C4814FF22313D0600D57D9C /* PLHanLinViewController.h */,
				2C48150022313D0600D57D9C /* PLHanLinViewController.m */,
			);
			path = HLUnit;
			sourceTree = "<group>";
		};
		84E0340EABDA66E4E497C4A1 /* Frameworks */ = {
			isa = PBXGroup;
			children = (
				D4A6411877DAE0871A93DA03 /* Pods_PirateIsland.framework */,
			);
			name = Frameworks;
			sourceTree = "<group>";
		};
		AE1A4E2062B0A0EAA6FDF294 /* Pods */ = {
			isa = PBXGroup;
			children = (
				9660252AEE6ADE333289619C /* Pods-PirateIsland.debug.xcconfig */,
				4DB5D5EAE2599975C559EA1F /* Pods-PirateIsland.release.xcconfig */,
			);
			path = Pods;
			sourceTree = "<group>";
		};
		AEF183332230F9D800121D93 = {
			isa = PBXGroup;
			children = (
				AEF1833E2230F9D800121D93 /* PirateIsland */,
				AEF1833D2230F9D800121D93 /* Products */,
				AE1A4E2062B0A0EAA6FDF294 /* Pods */,
				84E0340EABDA66E4E497C4A1 /* Frameworks */,
			);
			sourceTree = "<group>";
		};
		AEF1833D2230F9D800121D93 /* Products */ = {
			isa = PBXGroup;
			children = (
				AEF1833C2230F9D800121D93 /* PirateIsland.app */,
			);
			name = Products;
			sourceTree = "<group>";
		};
		AEF1833E2230F9D800121D93 /* PirateIsland */ = {
			isa = PBXGroup;
			children = (
				2C4814F02231383A00D57D9C /* CommonUnit */,
				2C4814F12231384300D57D9C /* YanaUnit */,
				2C4814FE22313CE000D57D9C /* HLUnit */,
				2C4814EA223133BD00D57D9C /* Headers */,
				2C4814E9223133BD00D57D9C /* Library(三方库) */,
				2C4814E4223133BD00D57D9C /* SupportingFiles */,
				AEF183482230F9DA00121D93 /* Assets.xcassets */,
				AEF1834A2230F9DA00121D93 /* LaunchScreen.storyboard */,
			);
			path = PirateIsland;
			sourceTree = "<group>";
		};
/* End PBXGroup section */

/* Begin PBXNativeTarget section */
		AEF1833B2230F9D800121D93 /* PirateIsland */ = {
			isa = PBXNativeTarget;
			buildConfigurationList = AEF183682230F9DA00121D93 /* Build configuration list for PBXNativeTarget "PirateIsland" */;
			buildPhases = (
				1BD4093B45303FE84589347A /* [CP] Check Pods Manifest.lock */,
				AEF183382230F9D800121D93 /* Sources */,
				AEF183392230F9D800121D93 /* Frameworks */,
				AEF1833A2230F9D800121D93 /* Resources */,
				CDCFA57BC3A36F5F45157EA8 /* [CP] Embed Pods Frameworks */,
			);
			buildRules = (
			);
			dependencies = (
			);
			name = PirateIsland;
			productName = PirateIsland;
			productReference = AEF1833C2230F9D800121D93 /* PirateIsland.app */;
			productType = "com.apple.product-type.application";
		};
/* End PBXNativeTarget section */

/* Begin PBXProject section */
		AEF183342230F9D800121D93 /* Project object */ = {
			isa = PBXProject;
			attributes = {
				CLASSPREFIX = PL;
				LastUpgradeCheck = 1010;
				ORGANIZATIONNAME = PL;
				TargetAttributes = {
					AEF1833B2230F9D800121D93 = {
						CreatedOnToolsVersion = 10.1;
					};
				};
			};
			buildConfigurationList = AEF183372230F9D800121D93 /* Build configuration list for PBXProject "PirateIsland" */;
			compatibilityVersion = "Xcode 9.3";
			developmentRegion = en;
			hasScannedForEncodings = 0;
			knownRegions = (
				en,
				Base,
			);
			mainGroup = AEF183332230F9D800121D93;
			productRefGroup = AEF1833D2230F9D800121D93 /* Products */;
			projectDirPath = "";
			projectRoot = "";
			targets = (
				AEF1833B2230F9D800121D93 /* PirateIsland */,
			);
		};
/* End PBXProject section */

/* Begin PBXResourcesBuildPhase section */
		AEF1833A2230F9D800121D93 /* Resources */ = {
			isa = PBXResourcesBuildPhase;
			buildActionMask = 2147483647;
			files = (
				AEF1834C2230F9DA00121D93 /* LaunchScreen.storyboard in Resources */,
				AEF183492230F9DA00121D93 /* Assets.xcassets in Resources */,
			);
			runOnlyForDeploymentPostprocessing = 0;
		};
/* End PBXResourcesBuildPhase section */

/* Begin PBXShellScriptBuildPhase section */
		1BD4093B45303FE84589347A /* [CP] Check Pods Manifest.lock */ = {
			isa = PBXShellScriptBuildPhase;
			buildActionMask = 2147483647;
			files = (
			);
			inputFileListPaths = (
			);
			inputPaths = (
				"${PODS_PODFILE_DIR_PATH}/Podfile.lock",
				"${PODS_ROOT}/Manifest.lock",
			);
			name = "[CP] Check Pods Manifest.lock";
			outputFileListPaths = (
			);
			outputPaths = (
				"$(DERIVED_FILE_DIR)/Pods-PirateIsland-checkManifestLockResult.txt",
			);
			runOnlyForDeploymentPostprocessing = 0;
			shellPath = /bin/sh;
			shellScript = "diff \"${PODS_PODFILE_DIR_PATH}/Podfile.lock\" \"${PODS_ROOT}/Manifest.lock\" > /dev/null\nif [ $? != 0 ] ; then\n    # print error to STDERR\n    echo \"error: The sandbox is not in sync with the Podfile.lock. Run 'pod install' or update your CocoaPods installation.\" >&2\n    exit 1\nfi\n# This output is used by Xcode 'outputs' to avoid re-running this script phase.\necho \"SUCCESS\" > \"${SCRIPT_OUTPUT_FILE_0}\"\n";
			showEnvVarsInLog = 0;
		};
		CDCFA57BC3A36F5F45157EA8 /* [CP] Embed Pods Frameworks */ = {
			isa = PBXShellScriptBuildPhase;
			buildActionMask = 2147483647;
			files = (
			);
			inputFileListPaths = (
				"${PODS_ROOT}/Target Support Files/Pods-PirateIsland/Pods-PirateIsland-frameworks-${CONFIGURATION}-input-files.xcfilelist",
			);
			name = "[CP] Embed Pods Frameworks";
			outputFileListPaths = (
				"${PODS_ROOT}/Target Support Files/Pods-PirateIsland/Pods-PirateIsland-frameworks-${CONFIGURATION}-output-files.xcfilelist",
			);
			runOnlyForDeploymentPostprocessing = 0;
			shellPath = /bin/sh;
			shellScript = "\"${PODS_ROOT}/Target Support Files/Pods-PirateIsland/Pods-PirateIsland-frameworks.sh\"\n";
			showEnvVarsInLog = 0;
		};
/* End PBXShellScriptBuildPhase section */

/* Begin PBXSourcesBuildPhase section */
		AEF183382230F9D800121D93 /* Sources */ = {
			isa = PBXSourcesBuildPhase;
			buildActionMask = 2147483647;
			files = (
				2C17666722325A9400269E64 /* PLCollectionView.m in Sources */,
				2C48150122313D0600D57D9C /* PLHanLinViewController.m in Sources */,
				2C4814ED223133BD00D57D9C /* AppDelegate.m in Sources */,
				2C4814FD22313B7B00D57D9C /* PLYanaViewController.m in Sources */,
				2C4814FA223139F400D57D9C /* PLNavigationViewController.m in Sources */,
				2C17666A22325B7100269E64 /* PLCollectionViewCell.m in Sources */,
				2C4814F42231388700D57D9C /* PLTabBarController.m in Sources */,
				2C17667022326B6000269E64 /* PLYanaShareVC.m in Sources */,
				2C1766762232742500269E64 /* PLShareButton.m in Sources */,
				2C4814EC223133BD00D57D9C /* main.m in Sources */,
				2C4814F72231396E00D57D9C /* PLBaseViewController.m in Sources */,
				2C1766732232717100269E64 /* PLShareView.m in Sources */,
				2C17666D223266E800269E64 /* UINavigationBar+Awesome.m in Sources */,
			);
			runOnlyForDeploymentPostprocessing = 0;
		};
/* End PBXSourcesBuildPhase section */

/* Begin PBXVariantGroup section */
		AEF1834A2230F9DA00121D93 /* LaunchScreen.storyboard */ = {
			isa = PBXVariantGroup;
			children = (
				AEF1834B2230F9DA00121D93 /* Base */,
			);
			name = LaunchScreen.storyboard;
			sourceTree = "<group>";
		};
/* End PBXVariantGroup section */

/* Begin XCBuildConfiguration section */
		AEF183662230F9DA00121D93 /* Debug */ = {
			isa = XCBuildConfiguration;
			buildSettings = {
				ALWAYS_SEARCH_USER_PATHS = NO;
				CLANG_ANALYZER_NONNULL = YES;
				CLANG_ANALYZER_NUMBER_OBJECT_CONVERSION = YES_AGGRESSIVE;
				CLANG_CXX_LANGUAGE_STANDARD = "gnu++14";
				CLANG_CXX_LIBRARY = "libc++";
				CLANG_ENABLE_MODULES = YES;
				CLANG_ENABLE_OBJC_ARC = YES;
				CLANG_ENABLE_OBJC_WEAK = YES;
				CLANG_WARN_BLOCK_CAPTURE_AUTORELEASING = YES;
				CLANG_WARN_BOOL_CONVERSION = YES;
				CLANG_WARN_COMMA = YES;
				CLANG_WARN_CONSTANT_CONVERSION = YES;
				CLANG_WARN_DEPRECATED_OBJC_IMPLEMENTATIONS = YES;
				CLANG_WARN_DIRECT_OBJC_ISA_USAGE = YES_ERROR;
				CLANG_WARN_DOCUMENTATION_COMMENTS = YES;
				CLANG_WARN_EMPTY_BODY = YES;
				CLANG_WARN_ENUM_CONVERSION = YES;
				CLANG_WARN_INFINITE_RECURSION = YES;
				CLANG_WARN_INT_CONVERSION = YES;
				CLANG_WARN_NON_LITERAL_NULL_CONVERSION = YES;
				CLANG_WARN_OBJC_IMPLICIT_RETAIN_SELF = YES;
				CLANG_WARN_OBJC_LITERAL_CONVERSION = YES;
				CLANG_WARN_OBJC_ROOT_CLASS = YES_ERROR;
				CLANG_WARN_RANGE_LOOP_ANALYSIS = YES;
				CLANG_WARN_STRICT_PROTOTYPES = YES;
				CLANG_WARN_SUSPICIOUS_MOVE = YES;
				CLANG_WARN_UNGUARDED_AVAILABILITY = YES_AGGRESSIVE;
				CLANG_WARN_UNREACHABLE_CODE = YES;
				CLANG_WARN__DUPLICATE_METHOD_MATCH = YES;
				CODE_SIGN_IDENTITY = "iPhone Developer";
				COPY_PHASE_STRIP = NO;
				DEBUG_INFORMATION_FORMAT = dwarf;
				ENABLE_STRICT_OBJC_MSGSEND = YES;
				ENABLE_TESTABILITY = YES;
				GCC_C_LANGUAGE_STANDARD = gnu11;
				GCC_DYNAMIC_NO_PIC = NO;
				GCC_NO_COMMON_BLOCKS = YES;
				GCC_OPTIMIZATION_LEVEL = 0;
				GCC_PREPROCESSOR_DEFINITIONS = (
					"DEBUG=1",
					"$(inherited)",
				);
				GCC_WARN_64_TO_32_BIT_CONVERSION = YES;
				GCC_WARN_ABOUT_RETURN_TYPE = YES_ERROR;
				GCC_WARN_UNDECLARED_SELECTOR = YES;
				GCC_WARN_UNINITIALIZED_AUTOS = YES_AGGRESSIVE;
				GCC_WARN_UNUSED_FUNCTION = YES;
				GCC_WARN_UNUSED_VARIABLE = YES;
				IPHONEOS_DEPLOYMENT_TARGET = 12.1;
				MTL_ENABLE_DEBUG_INFO = INCLUDE_SOURCE;
				MTL_FAST_MATH = YES;
				ONLY_ACTIVE_ARCH = YES;
				SDKROOT = iphoneos;
			};
			name = Debug;
		};
		AEF183672230F9DA00121D93 /* Release */ = {
			isa = XCBuildConfiguration;
			buildSettings = {
				ALWAYS_SEARCH_USER_PATHS = NO;
				CLANG_ANALYZER_NONNULL = YES;
				CLANG_ANALYZER_NUMBER_OBJECT_CONVERSION = YES_AGGRESSIVE;
				CLANG_CXX_LANGUAGE_STANDARD = "gnu++14";
				CLANG_CXX_LIBRARY = "libc++";
				CLANG_ENABLE_MODULES = YES;
				CLANG_ENABLE_OBJC_ARC = YES;
				CLANG_ENABLE_OBJC_WEAK = YES;
				CLANG_WARN_BLOCK_CAPTURE_AUTORELEASING = YES;
				CLANG_WARN_BOOL_CONVERSION = YES;
				CLANG_WARN_COMMA = YES;
				CLANG_WARN_CONSTANT_CONVERSION = YES;
				CLANG_WARN_DEPRECATED_OBJC_IMPLEMENTATIONS = YES;
				CLANG_WARN_DIRECT_OBJC_ISA_USAGE = YES_ERROR;
				CLANG_WARN_DOCUMENTATION_COMMENTS = YES;
				CLANG_WARN_EMPTY_BODY = YES;
				CLANG_WARN_ENUM_CONVERSION = YES;
				CLANG_WARN_INFINITE_RECURSION = YES;
				CLANG_WARN_INT_CONVERSION = YES;
				CLANG_WARN_NON_LITERAL_NULL_CONVERSION = YES;
				CLANG_WARN_OBJC_IMPLICIT_RETAIN_SELF = YES;
				CLANG_WARN_OBJC_LITERAL_CONVERSION = YES;
				CLANG_WARN_OBJC_ROOT_CLASS = YES_ERROR;
				CLANG_WARN_RANGE_LOOP_ANALYSIS = YES;
				CLANG_WARN_STRICT_PROTOTYPES = YES;
				CLANG_WARN_SUSPICIOUS_MOVE = YES;
				CLANG_WARN_UNGUARDED_AVAILABILITY = YES_AGGRESSIVE;
				CLANG_WARN_UNREACHABLE_CODE = YES;
				CLANG_WARN__DUPLICATE_METHOD_MATCH = YES;
				CODE_SIGN_IDENTITY = "iPhone Developer";
				COPY_PHASE_STRIP = NO;
				DEBUG_INFORMATION_FORMAT = "dwarf-with-dsym";
				ENABLE_NS_ASSERTIONS = NO;
				ENABLE_STRICT_OBJC_MSGSEND = YES;
				GCC_C_LANGUAGE_STANDARD = gnu11;
				GCC_NO_COMMON_BLOCKS = YES;
				GCC_WARN_64_TO_32_BIT_CONVERSION = YES;
				GCC_WARN_ABOUT_RETURN_TYPE = YES_ERROR;
				GCC_WARN_UNDECLARED_SELECTOR = YES;
				GCC_WARN_UNINITIALIZED_AUTOS = YES_AGGRESSIVE;
				GCC_WARN_UNUSED_FUNCTION = YES;
				GCC_WARN_UNUSED_VARIABLE = YES;
				IPHONEOS_DEPLOYMENT_TARGET = 12.1;
				MTL_ENABLE_DEBUG_INFO = NO;
				MTL_FAST_MATH = YES;
				SDKROOT = iphoneos;
				VALIDATE_PRODUCT = YES;
			};
			name = Release;
		};
		AEF183692230F9DA00121D93 /* Debug */ = {
			isa = XCBuildConfiguration;
			baseConfigurationReference = 9660252AEE6ADE333289619C /* Pods-PirateIsland.debug.xcconfig */;
			buildSettings = {
				ASSETCATALOG_COMPILER_APPICON_NAME = AppIcon;
				CODE_SIGN_IDENTITY = "iPhone Developer";
				CODE_SIGN_STYLE = Automatic;
				DEVELOPMENT_TEAM = F857DAAR97;
				GCC_PRECOMPILE_PREFIX_HEADER = YES;
				GCC_PREFIX_HEADER = "$(SRCROOT)/PirateIsland/Headers/PrefixHeader.pch";
				INFOPLIST_FILE = "$(SRCROOT)/PirateIsland/SupportingFiles/Info.plist";
				IPHONEOS_DEPLOYMENT_TARGET = 9.0;
				LD_RUNPATH_SEARCH_PATHS = (
					"$(inherited)",
					"@executable_path/Frameworks",
				);
				PRODUCT_BUNDLE_IDENTIFIER = PirateIsland.PirateIslandyana;
				PRODUCT_NAME = "$(TARGET_NAME)";
				PROVISIONING_PROFILE_SPECIFIER = "";
				TARGETED_DEVICE_FAMILY = "1,2";
			};
			name = Debug;
		};
		AEF1836A2230F9DA00121D93 /* Release */ = {
			isa = XCBuildConfiguration;
			baseConfigurationReference = 4DB5D5EAE2599975C559EA1F /* Pods-PirateIsland.release.xcconfig */;
			buildSettings = {
				ASSETCATALOG_COMPILER_APPICON_NAME = AppIcon;
				CODE_SIGN_IDENTITY = "iPhone Developer";
				CODE_SIGN_STYLE = Automatic;
				DEVELOPMENT_TEAM = F857DAAR97;
				GCC_PRECOMPILE_PREFIX_HEADER = YES;
				GCC_PREFIX_HEADER = "$(SRCROOT)/PirateIsland/Headers/PrefixHeader.pch";
				INFOPLIST_FILE = "$(SRCROOT)/PirateIsland/SupportingFiles/Info.plist";
				IPHONEOS_DEPLOYMENT_TARGET = 9.0;
				LD_RUNPATH_SEARCH_PATHS = (
					"$(inherited)",
					"@executable_path/Frameworks",
				);
				PRODUCT_BUNDLE_IDENTIFIER = PirateIsland.PirateIslandyana;
				PRODUCT_NAME = "$(TARGET_NAME)";
				PROVISIONING_PROFILE_SPECIFIER = "";
				TARGETED_DEVICE_FAMILY = "1,2";
			};
			name = Release;
		};
/* End XCBuildConfiguration section */

/* Begin XCConfigurationList section */
		AEF183372230F9D800121D93 /* Build configuration list for PBXProject "PirateIsland" */ = {
			isa = XCConfigurationList;
			buildConfigurations = (
				AEF183662230F9DA00121D93 /* Debug */,
				AEF183672230F9DA00121D93 /* Release */,
			);
			defaultConfigurationIsVisible = 0;
			defaultConfigurationName = Release;
		};
		AEF183682230F9DA00121D93 /* Build configuration list for PBXNativeTarget "PirateIsland" */ = {
			isa = XCConfigurationList;
			buildConfigurations = (
				AEF183692230F9DA00121D93 /* Debug */,
				AEF1836A2230F9DA00121D93 /* Release */,
			);
			defaultConfigurationIsVisible = 0;
			defaultConfigurationName = Release;
		};
/* End XCConfigurationList section */
	};
	rootObject = AEF183342230F9D800121D93 /* Project object */;
}
