// !$*UTF8*$!
{
	archiveVersion = 1;
	classes = {
	};
	objectVersion = 50;
	objects = {

/* Begin PBXBuildFile section */
		2C17666722325A9400269E64 /* PLCollectionView.m in Sources */ = {isa = PBXBuildFile; fileRef = 2C17666622325A9400269E64 /* PLCollectionView.m */; };
		2C17666A22325B7100269E64 /* PLCollectionViewCell.m in Sources */ = {isa = PBXBuildFile; fileRef = 2C17666922325B7100269E64 /* PLCollectionViewCell.m */; };
		2C17666D223266E800269E64 /* UINavigationBar+Awesome.m in Sources */ = {isa = PBXBuildFile; fileRef = 2C17666B223266E800269E64 /* UINavigationBar+Awesome.m */; };
		2C17667022326B6000269E64 /* PLYanaShareVC.m in Sources */ = {isa = PBXBuildFile; fileRef = 2C17666F22326B6000269E64 /* PLYanaShareVC.m */; };
		2C1766732232717100269E64 /* PLShareView.m in Sources */ = {isa = PBXBuildFile; fileRef = 2C1766722232717100269E64 /* PLShareView.m */; };
		2C1766762232742500269E64 /* PLShareButton.m in Sources */ = {isa = PBXBuildFile; fileRef = 2C1766752232742500269E64 /* PLShareButton.m */; };
		2C4814EC223133BD00D57D9C /* main.m in Sources */ = {isa = PBXBuildFile; fileRef = 2C4814E6223133BD00D57D9C /* main.m */; };
		2C4814ED223133BD00D57D9C /* AppDelegate.m in Sources */ = {isa = PBXBuildFile; fileRef = 2C4814E7223133BD00D57D9C /* AppDelegate.m */; };
		2C4814F42231388700D57D9C /* PLTabBarController.m in Sources */ = {isa = PBXBuildFile; fileRef = 2C4814F32231388700D57D9C /* PLTabBarController.m */; };
		2C4814F72231396E00D57D9C /* PLBaseViewController.m in Sources */ = {isa = PBXBuildFile; fileRef = 2C4814F62231396E00D57D9C /* PLBaseViewController.m */; };
		2C4814FA223139F400D57D9C /* PLNavigationViewController.m in Sources */ = {isa = PBXBuildFile; fileRef = 2C4814F9223139F400D57D9C /* PLNavigationViewController.m */; };
		2C4814FD22313B7B00D57D9C /* PLYanaViewController.m in Sources */ = {isa = PBXBuildFile; fileRef = 2C4814FC22313B7B00D57D9C /* PLYanaViewController.m */; };
		2C48150122313D0600D57D9C /* PLHanLinViewController.m in Sources */ = {isa = PBXBuildFile; fileRef = 2C48150022313D0600D57D9C /* PLHanLinViewController.m */; };
		7C25E33A7EF24C8CAA397FFC /* Pods_PirateIsland.framework in Frameworks */ = {isa = PBXBuildFile; fileRef = D4A6411877DAE0871A93DA03 /* Pods_PirateIsland.framework */; };
		AE04340F2244CFB2009F2119 /* HLHeatMapVC.m in Sources */ = {isa = PBXBuildFile; fileRef = AE04340E2244CFB2009F2119 /* HLHeatMapVC.m */; };
		AE0434122244D56D009F2119 /* UIImage+HeatMap.m in Sources */ = {isa = PBXBuildFile; fileRef = AE0434102244D56C009F2119 /* UIImage+HeatMap.m */; };
		AE0434152244DB00009F2119 /* PLTool.m in Sources */ = {isa = PBXBuildFile; fileRef = AE0434142244DB00009F2119 /* PLTool.m */; };
		AE286C18224DF9E100CE2EF0 /* HLChartsPieVC.m in Sources */ = {isa = PBXBuildFile; fileRef = AE286C17224DF9E100CE2EF0 /* HLChartsPieVC.m */; };
		AE286C1B224E258200CE2EF0 /* HLChartsColumnVC.m in Sources */ = {isa = PBXBuildFile; fileRef = AE286C1A224E258200CE2EF0 /* HLChartsColumnVC.m */; };
		AE286C1E2251FAE300CE2EF0 /* HLChartsScatterVC.m in Sources */ = {isa = PBXBuildFile; fileRef = AE286C1D2251FAE300CE2EF0 /* HLChartsScatterVC.m */; };
		AE286C212252041600CE2EF0 /* HLChartsColumnrangeVC.m in Sources */ = {isa = PBXBuildFile; fileRef = AE286C202252041600CE2EF0 /* HLChartsColumnrangeVC.m */; };
		AE286C242252096500CE2EF0 /* HLInternationaLizationVC.m in Sources */ = {isa = PBXBuildFile; fileRef = AE286C232252096500CE2EF0 /* HLInternationaLizationVC.m */; };
		AE286C27225212C400CE2EF0 /* HLInternationaLizationCell.m in Sources */ = {isa = PBXBuildFile; fileRef = AE286C26225212C400CE2EF0 /* HLInternationaLizationCell.m */; };
		AE7F92632248D9BA00B6FF02 /* AAJSFiles.bundle in Resources */ = {isa = PBXBuildFile; fileRef = AE7F921E2248D9BA00B6FF02 /* AAJSFiles.bundle */; };
		AE7F92642248D9BA00B6FF02 /* AAAreaspline.m in Sources */ = {isa = PBXBuildFile; fileRef = AE7F92212248D9BA00B6FF02 /* AAAreaspline.m */; };
		AE7F92652248D9BA00B6FF02 /* AALabels.m in Sources */ = {isa = PBXBuildFile; fileRef = AE7F92232248D9BA00B6FF02 /* AALabels.m */; };
		AE7F92662248D9BA00B6FF02 /* AASeries.m in Sources */ = {isa = PBXBuildFile; fileRef = AE7F92262248D9BA00B6FF02 /* AASeries.m */; };
		AE7F92672248D9BA00B6FF02 /* AAXAxis.m in Sources */ = {isa = PBXBuildFile; fileRef = AE7F92272248D9BA00B6FF02 /* AAXAxis.m */; };
		AE7F92682248D9BA00B6FF02 /* AAPlotOptions.m in Sources */ = {isa = PBXBuildFile; fileRef = AE7F92282248D9BA00B6FF02 /* AAPlotOptions.m */; };
		AE7F92692248D9BA00B6FF02 /* AADataLabels.m in Sources */ = {isa = PBXBuildFile; fileRef = AE7F92292248D9BA00B6FF02 /* AADataLabels.m */; };
		AE7F926A2248D9BA00B6FF02 /* AAPlotBandsElement.m in Sources */ = {isa = PBXBuildFile; fileRef = AE7F922A2248D9BA00B6FF02 /* AAPlotBandsElement.m */; };
		AE7F926B2248D9BA00B6FF02 /* AALine.m in Sources */ = {isa = PBXBuildFile; fileRef = AE7F922B2248D9BA00B6FF02 /* AALine.m */; };
		AE7F926C2248D9BA00B6FF02 /* AATooltip.m in Sources */ = {isa = PBXBuildFile; fileRef = AE7F922E2248D9BA00B6FF02 /* AATooltip.m */; };
		AE7F926D2248D9BA00B6FF02 /* AASubtitle.m in Sources */ = {isa = PBXBuildFile; fileRef = AE7F92312248D9BA00B6FF02 /* AASubtitle.m */; };
		AE7F926E2248D9BA00B6FF02 /* AAYAxis.m in Sources */ = {isa = PBXBuildFile; fileRef = AE7F92322248D9BA00B6FF02 /* AAYAxis.m */; };
		AE7F926F2248D9BA00B6FF02 /* AACrosshair.m in Sources */ = {isa = PBXBuildFile; fileRef = AE7F92332248D9BA00B6FF02 /* AACrosshair.m */; };
		AE7F92702248D9BA00B6FF02 /* AAColumn.m in Sources */ = {isa = PBXBuildFile; fileRef = AE7F92382248D9BA00B6FF02 /* AAColumn.m */; };
		AE7F92712248D9BA00B6FF02 /* AAPlotLinesElement.m in Sources */ = {isa = PBXBuildFile; fileRef = AE7F92392248D9BA00B6FF02 /* AAPlotLinesElement.m */; };
		AE7F92722248D9BA00B6FF02 /* AAStyle.m in Sources */ = {isa = PBXBuildFile; fileRef = AE7F923C2248D9BA00B6FF02 /* AAStyle.m */; };
		AE7F92732248D9BA00B6FF02 /* AABar.m in Sources */ = {isa = PBXBuildFile; fileRef = AE7F923D2248D9BA00B6FF02 /* AABar.m */; };
		AE7F92742248D9BA00B6FF02 /* AATitle.m in Sources */ = {isa = PBXBuildFile; fileRef = AE7F923E2248D9BA00B6FF02 /* AATitle.m */; };
		AE7F92752248D9BA00B6FF02 /* AAArea.m in Sources */ = {isa = PBXBuildFile; fileRef = AE7F92412248D9BA00B6FF02 /* AAArea.m */; };
		AE7F92762248D9BA00B6FF02 /* AAAnimation.m in Sources */ = {isa = PBXBuildFile; fileRef = AE7F92422248D9BA00B6FF02 /* AAAnimation.m */; };
		AE7F92772248D9BA00B6FF02 /* AALabel.m in Sources */ = {isa = PBXBuildFile; fileRef = AE7F92432248D9BA00B6FF02 /* AALabel.m */; };
		AE7F92782248D9BA00B6FF02 /* AALegend.m in Sources */ = {isa = PBXBuildFile; fileRef = AE7F92442248D9BA00B6FF02 /* AALegend.m */; };
		AE7F92792248D9BA00B6FF02 /* AAMarker.m in Sources */ = {isa = PBXBuildFile; fileRef = AE7F92462248D9BA00B6FF02 /* AAMarker.m */; };
		AE7F927A2248D9BA00B6FF02 /* AASpline.m in Sources */ = {isa = PBXBuildFile; fileRef = AE7F924B2248D9BA00B6FF02 /* AASpline.m */; };
		AE7F927B2248D9BA00B6FF02 /* AAItemStyle.m in Sources */ = {isa = PBXBuildFile; fileRef = AE7F924C2248D9BA00B6FF02 /* AAItemStyle.m */; };
		AE7F927C2248D9BA00B6FF02 /* AAPie.m in Sources */ = {isa = PBXBuildFile; fileRef = AE7F924D2248D9BA00B6FF02 /* AAPie.m */; };
		AE7F927D2248D9BA00B6FF02 /* AAChart.m in Sources */ = {isa = PBXBuildFile; fileRef = AE7F92532248D9BA00B6FF02 /* AAChart.m */; };
		AE7F927E2248D9BA00B6FF02 /* AAChartView.m in Sources */ = {isa = PBXBuildFile; fileRef = AE7F92562248D9BA00B6FF02 /* AAChartView.m */; };
		AE7F927F2248D9BA00B6FF02 /* AAChartModel.m in Sources */ = {isa = PBXBuildFile; fileRef = AE7F925B2248D9BA00B6FF02 /* AAChartModel.m */; };
		AE7F92802248D9BA00B6FF02 /* AAOptions.m in Sources */ = {isa = PBXBuildFile; fileRef = AE7F925D2248D9BA00B6FF02 /* AAOptions.m */; };
		AE7F92812248D9BA00B6FF02 /* AASeriesElement.m in Sources */ = {isa = PBXBuildFile; fileRef = AE7F925E2248D9BA00B6FF02 /* AASeriesElement.m */; };
		AE7F92822248D9BA00B6FF02 /* AAColor.m in Sources */ = {isa = PBXBuildFile; fileRef = AE7F92602248D9BA00B6FF02 /* AAColor.m */; };
		AE7F92832248D9BA00B6FF02 /* AAGradientColor.m in Sources */ = {isa = PBXBuildFile; fileRef = AE7F92612248D9BA00B6FF02 /* AAGradientColor.m */; };
		AE7F929B2248DDEA00B6FF02 /* HLXAxis.m in Sources */ = {isa = PBXBuildFile; fileRef = AE7F92992248DDEA00B6FF02 /* HLXAxis.m */; };
		AE7F929C2248DDEA00B6FF02 /* HLYAxis.m in Sources */ = {isa = PBXBuildFile; fileRef = AE7F929A2248DDEA00B6FF02 /* HLYAxis.m */; };
		AE7F929F2248DE4600B6FF02 /* HLChartsVC.m in Sources */ = {isa = PBXBuildFile; fileRef = AE7F929E2248DE4500B6FF02 /* HLChartsVC.m */; };
		AE7F92A62249B28100B6FF02 /* HLBundle.m in Sources */ = {isa = PBXBuildFile; fileRef = AE7F92A22249B28000B6FF02 /* HLBundle.m */; };
		AE7F92A82249B2E200B6FF02 /* InfoPlist.strings in Resources */ = {isa = PBXBuildFile; fileRef = AE7F92AA2249B2E200B6FF02 /* InfoPlist.strings */; };
		AE7F92AC2249B2EA00B6FF02 /* Localizable.strings in Resources */ = {isa = PBXBuildFile; fileRef = AE7F92AE2249B2EA00B6FF02 /* Localizable.strings */; };
		AE94705C223A523F008C472A /* PLHLSecViewController.m in Sources */ = {isa = PBXBuildFile; fileRef = AE94705B223A523F008C472A /* PLHLSecViewController.m */; };
		AE947060223A5402008C472A /* PLHHRouterMap.m in Sources */ = {isa = PBXBuildFile; fileRef = AE94705F223A5402008C472A /* PLHHRouterMap.m */; };
		AEF183492230F9DA00121D93 /* Assets.xcassets in Resources */ = {isa = PBXBuildFile; fileRef = AEF183482230F9DA00121D93 /* Assets.xcassets */; };
		AEF1834C2230F9DA00121D93 /* LaunchScreen.storyboard in Resources */ = {isa = PBXBuildFile; fileRef = AEF1834A2230F9DA00121D93 /* LaunchScreen.storyboard */; };
		AEFD086122BE2A1B00867A6F /* PLHanLinDalyTestVC.m in Sources */ = {isa = PBXBuildFile; fileRef = AEFD086022BE2A1B00867A6F /* PLHanLinDalyTestVC.m */; };
		AEFD08DF22C5B6F000867A6F /* HLDalyTestCell.m in Sources */ = {isa = PBXBuildFile; fileRef = AEFD08DE22C5B6EF00867A6F /* HLDalyTestCell.m */; };
/* End PBXBuildFile section */

/* Begin PBXFileReference section */
		2C17666522325A9400269E64 /* PLCollectionView.h */ = {isa = PBXFileReference; lastKnownFileType = sourcecode.c.h; path = PLCollectionView.h; sourceTree = "<group>"; };
		2C17666622325A9400269E64 /* PLCollectionView.m */ = {isa = PBXFileReference; lastKnownFileType = sourcecode.c.objc; path = PLCollectionView.m; sourceTree = "<group>"; };
		2C17666822325B7100269E64 /* PLCollectionViewCell.h */ = {isa = PBXFileReference; lastKnownFileType = sourcecode.c.h; path = PLCollectionViewCell.h; sourceTree = "<group>"; };
		2C17666922325B7100269E64 /* PLCollectionViewCell.m */ = {isa = PBXFileReference; lastKnownFileType = sourcecode.c.objc; path = PLCollectionViewCell.m; sourceTree = "<group>"; };
		2C17666B223266E800269E64 /* UINavigationBar+Awesome.m */ = {isa = PBXFileReference; fileEncoding = 4; lastKnownFileType = sourcecode.c.objc; path = "UINavigationBar+Awesome.m"; sourceTree = "<group>"; };
		2C17666C223266E800269E64 /* UINavigationBar+Awesome.h */ = {isa = PBXFileReference; fileEncoding = 4; lastKnownFileType = sourcecode.c.h; path = "UINavigationBar+Awesome.h"; sourceTree = "<group>"; };
		2C17666E22326B6000269E64 /* PLYanaShareVC.h */ = {isa = PBXFileReference; lastKnownFileType = sourcecode.c.h; path = PLYanaShareVC.h; sourceTree = "<group>"; };
		2C17666F22326B6000269E64 /* PLYanaShareVC.m */ = {isa = PBXFileReference; lastKnownFileType = sourcecode.c.objc; path = PLYanaShareVC.m; sourceTree = "<group>"; };
		2C1766712232717100269E64 /* PLShareView.h */ = {isa = PBXFileReference; lastKnownFileType = sourcecode.c.h; path = PLShareView.h; sourceTree = "<group>"; };
		2C1766722232717100269E64 /* PLShareView.m */ = {isa = PBXFileReference; lastKnownFileType = sourcecode.c.objc; path = PLShareView.m; sourceTree = "<group>"; };
		2C1766742232742500269E64 /* PLShareButton.h */ = {isa = PBXFileReference; lastKnownFileType = sourcecode.c.h; path = PLShareButton.h; sourceTree = "<group>"; };
		2C1766752232742500269E64 /* PLShareButton.m */ = {isa = PBXFileReference; lastKnownFileType = sourcecode.c.objc; path = PLShareButton.m; sourceTree = "<group>"; };
		2C4814E5223133BD00D57D9C /* AppDelegate.h */ = {isa = PBXFileReference; fileEncoding = 4; lastKnownFileType = sourcecode.c.h; path = AppDelegate.h; sourceTree = "<group>"; };
		2C4814E6223133BD00D57D9C /* main.m */ = {isa = PBXFileReference; fileEncoding = 4; lastKnownFileType = sourcecode.c.objc; path = main.m; sourceTree = "<group>"; };
		2C4814E7223133BD00D57D9C /* AppDelegate.m */ = {isa = PBXFileReference; fileEncoding = 4; lastKnownFileType = sourcecode.c.objc; path = AppDelegate.m; sourceTree = "<group>"; };
		2C4814E8223133BD00D57D9C /* Info.plist */ = {isa = PBXFileReference; fileEncoding = 4; lastKnownFileType = text.plist.xml; path = Info.plist; sourceTree = "<group>"; };
		2C4814EF2231344B00D57D9C /* PrefixHeader.pch */ = {isa = PBXFileReference; lastKnownFileType = sourcecode.c.h; path = PrefixHeader.pch; sourceTree = "<group>"; };
		2C4814F22231388700D57D9C /* PLTabBarController.h */ = {isa = PBXFileReference; lastKnownFileType = sourcecode.c.h; path = PLTabBarController.h; sourceTree = "<group>"; };
		2C4814F32231388700D57D9C /* PLTabBarController.m */ = {isa = PBXFileReference; lastKnownFileType = sourcecode.c.objc; path = PLTabBarController.m; sourceTree = "<group>"; };
		2C4814F52231396E00D57D9C /* PLBaseViewController.h */ = {isa = PBXFileReference; lastKnownFileType = sourcecode.c.h; path = PLBaseViewController.h; sourceTree = "<group>"; };
		2C4814F62231396E00D57D9C /* PLBaseViewController.m */ = {isa = PBXFileReference; lastKnownFileType = sourcecode.c.objc; path = PLBaseViewController.m; sourceTree = "<group>"; };
		2C4814F8223139F400D57D9C /* PLNavigationViewController.h */ = {isa = PBXFileReference; lastKnownFileType = sourcecode.c.h; path = PLNavigationViewController.h; sourceTree = "<group>"; };
		2C4814F9223139F400D57D9C /* PLNavigationViewController.m */ = {isa = PBXFileReference; lastKnownFileType = sourcecode.c.objc; path = PLNavigationViewController.m; sourceTree = "<group>"; };
		2C4814FB22313B7B00D57D9C /* PLYanaViewController.h */ = {isa = PBXFileReference; lastKnownFileType = sourcecode.c.h; path = PLYanaViewController.h; sourceTree = "<group>"; };
		2C4814FC22313B7B00D57D9C /* PLYanaViewController.m */ = {isa = PBXFileReference; lastKnownFileType = sourcecode.c.objc; path = PLYanaViewController.m; sourceTree = "<group>"; };
		2C4814FF22313D0600D57D9C /* PLHanLinViewController.h */ = {isa = PBXFileReference; lastKnownFileType = sourcecode.c.h; path = PLHanLinViewController.h; sourceTree = "<group>"; };
		2C48150022313D0600D57D9C /* PLHanLinViewController.m */ = {isa = PBXFileReference; lastKnownFileType = sourcecode.c.objc; path = PLHanLinViewController.m; sourceTree = "<group>"; };
		4DB5D5EAE2599975C559EA1F /* Pods-PirateIsland.release.xcconfig */ = {isa = PBXFileReference; includeInIndex = 1; lastKnownFileType = text.xcconfig; name = "Pods-PirateIsland.release.xcconfig"; path = "Target Support Files/Pods-PirateIsland/Pods-PirateIsland.release.xcconfig"; sourceTree = "<group>"; };
		9660252AEE6ADE333289619C /* Pods-PirateIsland.debug.xcconfig */ = {isa = PBXFileReference; includeInIndex = 1; lastKnownFileType = text.xcconfig; name = "Pods-PirateIsland.debug.xcconfig"; path = "Target Support Files/Pods-PirateIsland/Pods-PirateIsland.debug.xcconfig"; sourceTree = "<group>"; };
		AE04340D2244CFB2009F2119 /* HLHeatMapVC.h */ = {isa = PBXFileReference; lastKnownFileType = sourcecode.c.h; path = HLHeatMapVC.h; sourceTree = "<group>"; };
		AE04340E2244CFB2009F2119 /* HLHeatMapVC.m */ = {isa = PBXFileReference; lastKnownFileType = sourcecode.c.objc; path = HLHeatMapVC.m; sourceTree = "<group>"; };
		AE0434102244D56C009F2119 /* UIImage+HeatMap.m */ = {isa = PBXFileReference; fileEncoding = 4; lastKnownFileType = sourcecode.c.objc; path = "UIImage+HeatMap.m"; sourceTree = "<group>"; };
		AE0434112244D56D009F2119 /* UIImage+HeatMap.h */ = {isa = PBXFileReference; fileEncoding = 4; lastKnownFileType = sourcecode.c.h; path = "UIImage+HeatMap.h"; sourceTree = "<group>"; };
		AE0434132244DB00009F2119 /* PLTool.h */ = {isa = PBXFileReference; lastKnownFileType = sourcecode.c.h; path = PLTool.h; sourceTree = "<group>"; };
		AE0434142244DB00009F2119 /* PLTool.m */ = {isa = PBXFileReference; lastKnownFileType = sourcecode.c.objc; path = PLTool.m; sourceTree = "<group>"; };
		AE286C16224DF9E100CE2EF0 /* HLChartsPieVC.h */ = {isa = PBXFileReference; lastKnownFileType = sourcecode.c.h; path = HLChartsPieVC.h; sourceTree = "<group>"; };
		AE286C17224DF9E100CE2EF0 /* HLChartsPieVC.m */ = {isa = PBXFileReference; lastKnownFileType = sourcecode.c.objc; path = HLChartsPieVC.m; sourceTree = "<group>"; };
		AE286C19224E258200CE2EF0 /* HLChartsColumnVC.h */ = {isa = PBXFileReference; lastKnownFileType = sourcecode.c.h; path = HLChartsColumnVC.h; sourceTree = "<group>"; };
		AE286C1A224E258200CE2EF0 /* HLChartsColumnVC.m */ = {isa = PBXFileReference; lastKnownFileType = sourcecode.c.objc; path = HLChartsColumnVC.m; sourceTree = "<group>"; };
		AE286C1C2251FAE300CE2EF0 /* HLChartsScatterVC.h */ = {isa = PBXFileReference; lastKnownFileType = sourcecode.c.h; path = HLChartsScatterVC.h; sourceTree = "<group>"; };
		AE286C1D2251FAE300CE2EF0 /* HLChartsScatterVC.m */ = {isa = PBXFileReference; lastKnownFileType = sourcecode.c.objc; path = HLChartsScatterVC.m; sourceTree = "<group>"; };
		AE286C1F2252041600CE2EF0 /* HLChartsColumnrangeVC.h */ = {isa = PBXFileReference; lastKnownFileType = sourcecode.c.h; path = HLChartsColumnrangeVC.h; sourceTree = "<group>"; };
		AE286C202252041600CE2EF0 /* HLChartsColumnrangeVC.m */ = {isa = PBXFileReference; lastKnownFileType = sourcecode.c.objc; path = HLChartsColumnrangeVC.m; sourceTree = "<group>"; };
		AE286C222252096500CE2EF0 /* HLInternationaLizationVC.h */ = {isa = PBXFileReference; lastKnownFileType = sourcecode.c.h; path = HLInternationaLizationVC.h; sourceTree = "<group>"; };
		AE286C232252096500CE2EF0 /* HLInternationaLizationVC.m */ = {isa = PBXFileReference; lastKnownFileType = sourcecode.c.objc; path = HLInternationaLizationVC.m; sourceTree = "<group>"; };
		AE286C25225212C400CE2EF0 /* HLInternationaLizationCell.h */ = {isa = PBXFileReference; lastKnownFileType = sourcecode.c.h; path = HLInternationaLizationCell.h; sourceTree = "<group>"; };
		AE286C26225212C400CE2EF0 /* HLInternationaLizationCell.m */ = {isa = PBXFileReference; lastKnownFileType = sourcecode.c.objc; path = HLInternationaLizationCell.m; sourceTree = "<group>"; };
		AE7F921E2248D9BA00B6FF02 /* AAJSFiles.bundle */ = {isa = PBXFileReference; lastKnownFileType = "wrapper.plug-in"; path = AAJSFiles.bundle; sourceTree = "<group>"; };
		AE7F92202248D9BA00B6FF02 /* AAArea.h */ = {isa = PBXFileReference; fileEncoding = 4; lastKnownFileType = sourcecode.c.h; path = AAArea.h; sourceTree = "<group>"; };
		AE7F92212248D9BA00B6FF02 /* AAAreaspline.m */ = {isa = PBXFileReference; fileEncoding = 4; lastKnownFileType = sourcecode.c.objc; path = AAAreaspline.m; sourceTree = "<group>"; };
		AE7F92222248D9BA00B6FF02 /* AATitle.h */ = {isa = PBXFileReference; fileEncoding = 4; lastKnownFileType = sourcecode.c.h; path = AATitle.h; sourceTree = "<group>"; };
		AE7F92232248D9BA00B6FF02 /* AALabels.m */ = {isa = PBXFileReference; fileEncoding = 4; lastKnownFileType = sourcecode.c.objc; path = AALabels.m; sourceTree = "<group>"; };
		AE7F92242248D9BA00B6FF02 /* AAStyle.h */ = {isa = PBXFileReference; fileEncoding = 4; lastKnownFileType = sourcecode.c.h; path = AAStyle.h; sourceTree = "<group>"; };
		AE7F92252248D9BA00B6FF02 /* AABar.h */ = {isa = PBXFileReference; fileEncoding = 4; lastKnownFileType = sourcecode.c.h; path = AABar.h; sourceTree = "<group>"; };
		AE7F92262248D9BA00B6FF02 /* AASeries.m */ = {isa = PBXFileReference; fileEncoding = 4; lastKnownFileType = sourcecode.c.objc; path = AASeries.m; sourceTree = "<group>"; };
		AE7F92272248D9BA00B6FF02 /* AAXAxis.m */ = {isa = PBXFileReference; fileEncoding = 4; lastKnownFileType = sourcecode.c.objc; path = AAXAxis.m; sourceTree = "<group>"; };
		AE7F92282248D9BA00B6FF02 /* AAPlotOptions.m */ = {isa = PBXFileReference; fileEncoding = 4; lastKnownFileType = sourcecode.c.objc; path = AAPlotOptions.m; sourceTree = "<group>"; };
		AE7F92292248D9BA00B6FF02 /* AADataLabels.m */ = {isa = PBXFileReference; fileEncoding = 4; lastKnownFileType = sourcecode.c.objc; path = AADataLabels.m; sourceTree = "<group>"; };
		AE7F922A2248D9BA00B6FF02 /* AAPlotBandsElement.m */ = {isa = PBXFileReference; fileEncoding = 4; lastKnownFileType = sourcecode.c.objc; path = AAPlotBandsElement.m; sourceTree = "<group>"; };
		AE7F922B2248D9BA00B6FF02 /* AALine.m */ = {isa = PBXFileReference; fileEncoding = 4; lastKnownFileType = sourcecode.c.objc; path = AALine.m; sourceTree = "<group>"; };
		AE7F922C2248D9BA00B6FF02 /* AAMarker.h */ = {isa = PBXFileReference; fileEncoding = 4; lastKnownFileType = sourcecode.c.h; path = AAMarker.h; sourceTree = "<group>"; };
		AE7F922D2248D9BA00B6FF02 /* AALegend.h */ = {isa = PBXFileReference; fileEncoding = 4; lastKnownFileType = sourcecode.c.h; path = AALegend.h; sourceTree = "<group>"; };
		AE7F922E2248D9BA00B6FF02 /* AATooltip.m */ = {isa = PBXFileReference; fileEncoding = 4; lastKnownFileType = sourcecode.c.objc; path = AATooltip.m; sourceTree = "<group>"; };
		AE7F922F2248D9BA00B6FF02 /* AALabel.h */ = {isa = PBXFileReference; fileEncoding = 4; lastKnownFileType = sourcecode.c.h; path = AALabel.h; sourceTree = "<group>"; };
		AE7F92302248D9BA00B6FF02 /* AAAnimation.h */ = {isa = PBXFileReference; fileEncoding = 4; lastKnownFileType = sourcecode.c.h; path = AAAnimation.h; sourceTree = "<group>"; };
		AE7F92312248D9BA00B6FF02 /* AASubtitle.m */ = {isa = PBXFileReference; fileEncoding = 4; lastKnownFileType = sourcecode.c.objc; path = AASubtitle.m; sourceTree = "<group>"; };
		AE7F92322248D9BA00B6FF02 /* AAYAxis.m */ = {isa = PBXFileReference; fileEncoding = 4; lastKnownFileType = sourcecode.c.objc; path = AAYAxis.m; sourceTree = "<group>"; };
		AE7F92332248D9BA00B6FF02 /* AACrosshair.m */ = {isa = PBXFileReference; fileEncoding = 4; lastKnownFileType = sourcecode.c.objc; path = AACrosshair.m; sourceTree = "<group>"; };
		AE7F92342248D9BA00B6FF02 /* AAPie.h */ = {isa = PBXFileReference; fileEncoding = 4; lastKnownFileType = sourcecode.c.h; path = AAPie.h; sourceTree = "<group>"; };
		AE7F92352248D9BA00B6FF02 /* AAItemStyle.h */ = {isa = PBXFileReference; fileEncoding = 4; lastKnownFileType = sourcecode.c.h; path = AAItemStyle.h; sourceTree = "<group>"; };
		AE7F92362248D9BA00B6FF02 /* AASpline.h */ = {isa = PBXFileReference; fileEncoding = 4; lastKnownFileType = sourcecode.c.h; path = AASpline.h; sourceTree = "<group>"; };
		AE7F92372248D9BA00B6FF02 /* AAChart.h */ = {isa = PBXFileReference; fileEncoding = 4; lastKnownFileType = sourcecode.c.h; path = AAChart.h; sourceTree = "<group>"; };
		AE7F92382248D9BA00B6FF02 /* AAColumn.m */ = {isa = PBXFileReference; fileEncoding = 4; lastKnownFileType = sourcecode.c.objc; path = AAColumn.m; sourceTree = "<group>"; };
		AE7F92392248D9BA00B6FF02 /* AAPlotLinesElement.m */ = {isa = PBXFileReference; fileEncoding = 4; lastKnownFileType = sourcecode.c.objc; path = AAPlotLinesElement.m; sourceTree = "<group>"; };
		AE7F923A2248D9BA00B6FF02 /* AAXAxis.h */ = {isa = PBXFileReference; fileEncoding = 4; lastKnownFileType = sourcecode.c.h; path = AAXAxis.h; sourceTree = "<group>"; };
		AE7F923B2248D9BA00B6FF02 /* AASeries.h */ = {isa = PBXFileReference; fileEncoding = 4; lastKnownFileType = sourcecode.c.h; path = AASeries.h; sourceTree = "<group>"; };
		AE7F923C2248D9BA00B6FF02 /* AAStyle.m */ = {isa = PBXFileReference; fileEncoding = 4; lastKnownFileType = sourcecode.c.objc; path = AAStyle.m; sourceTree = "<group>"; };
		AE7F923D2248D9BA00B6FF02 /* AABar.m */ = {isa = PBXFileReference; fileEncoding = 4; lastKnownFileType = sourcecode.c.objc; path = AABar.m; sourceTree = "<group>"; };
		AE7F923E2248D9BA00B6FF02 /* AATitle.m */ = {isa = PBXFileReference; fileEncoding = 4; lastKnownFileType = sourcecode.c.objc; path = AATitle.m; sourceTree = "<group>"; };
		AE7F923F2248D9BA00B6FF02 /* AALabels.h */ = {isa = PBXFileReference; fileEncoding = 4; lastKnownFileType = sourcecode.c.h; path = AALabels.h; sourceTree = "<group>"; };
		AE7F92402248D9BA00B6FF02 /* AAAreaspline.h */ = {isa = PBXFileReference; fileEncoding = 4; lastKnownFileType = sourcecode.c.h; path = AAAreaspline.h; sourceTree = "<group>"; };
		AE7F92412248D9BA00B6FF02 /* AAArea.m */ = {isa = PBXFileReference; fileEncoding = 4; lastKnownFileType = sourcecode.c.objc; path = AAArea.m; sourceTree = "<group>"; };
		AE7F92422248D9BA00B6FF02 /* AAAnimation.m */ = {isa = PBXFileReference; fileEncoding = 4; lastKnownFileType = sourcecode.c.objc; path = AAAnimation.m; sourceTree = "<group>"; };
		AE7F92432248D9BA00B6FF02 /* AALabel.m */ = {isa = PBXFileReference; fileEncoding = 4; lastKnownFileType = sourcecode.c.objc; path = AALabel.m; sourceTree = "<group>"; };
		AE7F92442248D9BA00B6FF02 /* AALegend.m */ = {isa = PBXFileReference; fileEncoding = 4; lastKnownFileType = sourcecode.c.objc; path = AALegend.m; sourceTree = "<group>"; };
		AE7F92452248D9BA00B6FF02 /* AATooltip.h */ = {isa = PBXFileReference; fileEncoding = 4; lastKnownFileType = sourcecode.c.h; path = AATooltip.h; sourceTree = "<group>"; };
		AE7F92462248D9BA00B6FF02 /* AAMarker.m */ = {isa = PBXFileReference; fileEncoding = 4; lastKnownFileType = sourcecode.c.objc; path = AAMarker.m; sourceTree = "<group>"; };
		AE7F92472248D9BA00B6FF02 /* AALine.h */ = {isa = PBXFileReference; fileEncoding = 4; lastKnownFileType = sourcecode.c.h; path = AALine.h; sourceTree = "<group>"; };
		AE7F92482248D9BA00B6FF02 /* AAPlotBandsElement.h */ = {isa = PBXFileReference; fileEncoding = 4; lastKnownFileType = sourcecode.c.h; path = AAPlotBandsElement.h; sourceTree = "<group>"; };
		AE7F92492248D9BA00B6FF02 /* AADataLabels.h */ = {isa = PBXFileReference; fileEncoding = 4; lastKnownFileType = sourcecode.c.h; path = AADataLabels.h; sourceTree = "<group>"; };
		AE7F924A2248D9BA00B6FF02 /* AAPlotOptions.h */ = {isa = PBXFileReference; fileEncoding = 4; lastKnownFileType = sourcecode.c.h; path = AAPlotOptions.h; sourceTree = "<group>"; };
		AE7F924B2248D9BA00B6FF02 /* AASpline.m */ = {isa = PBXFileReference; fileEncoding = 4; lastKnownFileType = sourcecode.c.objc; path = AASpline.m; sourceTree = "<group>"; };
		AE7F924C2248D9BA00B6FF02 /* AAItemStyle.m */ = {isa = PBXFileReference; fileEncoding = 4; lastKnownFileType = sourcecode.c.objc; path = AAItemStyle.m; sourceTree = "<group>"; };
		AE7F924D2248D9BA00B6FF02 /* AAPie.m */ = {isa = PBXFileReference; fileEncoding = 4; lastKnownFileType = sourcecode.c.objc; path = AAPie.m; sourceTree = "<group>"; };
		AE7F924E2248D9BA00B6FF02 /* AACrosshair.h */ = {isa = PBXFileReference; fileEncoding = 4; lastKnownFileType = sourcecode.c.h; path = AACrosshair.h; sourceTree = "<group>"; };
		AE7F924F2248D9BA00B6FF02 /* AAYAxis.h */ = {isa = PBXFileReference; fileEncoding = 4; lastKnownFileType = sourcecode.c.h; path = AAYAxis.h; sourceTree = "<group>"; };
		AE7F92502248D9BA00B6FF02 /* AASubtitle.h */ = {isa = PBXFileReference; fileEncoding = 4; lastKnownFileType = sourcecode.c.h; path = AASubtitle.h; sourceTree = "<group>"; };
		AE7F92512248D9BA00B6FF02 /* AAPlotLinesElement.h */ = {isa = PBXFileReference; fileEncoding = 4; lastKnownFileType = sourcecode.c.h; path = AAPlotLinesElement.h; sourceTree = "<group>"; };
		AE7F92522248D9BA00B6FF02 /* AAColumn.h */ = {isa = PBXFileReference; fileEncoding = 4; lastKnownFileType = sourcecode.c.h; path = AAColumn.h; sourceTree = "<group>"; };
		AE7F92532248D9BA00B6FF02 /* AAChart.m */ = {isa = PBXFileReference; fileEncoding = 4; lastKnownFileType = sourcecode.c.objc; path = AAChart.m; sourceTree = "<group>"; };
		AE7F92552248D9BA00B6FF02 /* AAOptions.h */ = {isa = PBXFileReference; fileEncoding = 4; lastKnownFileType = sourcecode.c.h; path = AAOptions.h; sourceTree = "<group>"; };
		AE7F92562248D9BA00B6FF02 /* AAChartView.m */ = {isa = PBXFileReference; fileEncoding = 4; lastKnownFileType = sourcecode.c.objc; path = AAChartView.m; sourceTree = "<group>"; };
		AE7F92572248D9BA00B6FF02 /* AAGlobalMacro.h */ = {isa = PBXFileReference; fileEncoding = 4; lastKnownFileType = sourcecode.c.h; path = AAGlobalMacro.h; sourceTree = "<group>"; };
		AE7F92582248D9BA00B6FF02 /* AASeriesElement.h */ = {isa = PBXFileReference; fileEncoding = 4; lastKnownFileType = sourcecode.c.h; path = AASeriesElement.h; sourceTree = "<group>"; };
		AE7F92592248D9BA00B6FF02 /* AAGradientColor.h */ = {isa = PBXFileReference; fileEncoding = 4; lastKnownFileType = sourcecode.c.h; path = AAGradientColor.h; sourceTree = "<group>"; };
		AE7F925A2248D9BA00B6FF02 /* AAColor.h */ = {isa = PBXFileReference; fileEncoding = 4; lastKnownFileType = sourcecode.c.h; path = AAColor.h; sourceTree = "<group>"; };
		AE7F925B2248D9BA00B6FF02 /* AAChartModel.m */ = {isa = PBXFileReference; fileEncoding = 4; lastKnownFileType = sourcecode.c.objc; path = AAChartModel.m; sourceTree = "<group>"; };
		AE7F925C2248D9BA00B6FF02 /* AAChartKit.h */ = {isa = PBXFileReference; fileEncoding = 4; lastKnownFileType = sourcecode.c.h; path = AAChartKit.h; sourceTree = "<group>"; };
		AE7F925D2248D9BA00B6FF02 /* AAOptions.m */ = {isa = PBXFileReference; fileEncoding = 4; lastKnownFileType = sourcecode.c.objc; path = AAOptions.m; sourceTree = "<group>"; };
		AE7F925E2248D9BA00B6FF02 /* AASeriesElement.m */ = {isa = PBXFileReference; fileEncoding = 4; lastKnownFileType = sourcecode.c.objc; path = AASeriesElement.m; sourceTree = "<group>"; };
		AE7F925F2248D9BA00B6FF02 /* AAChartView.h */ = {isa = PBXFileReference; fileEncoding = 4; lastKnownFileType = sourcecode.c.h; path = AAChartView.h; sourceTree = "<group>"; };
		AE7F92602248D9BA00B6FF02 /* AAColor.m */ = {isa = PBXFileReference; fileEncoding = 4; lastKnownFileType = sourcecode.c.objc; path = AAColor.m; sourceTree = "<group>"; };
		AE7F92612248D9BA00B6FF02 /* AAGradientColor.m */ = {isa = PBXFileReference; fileEncoding = 4; lastKnownFileType = sourcecode.c.objc; path = AAGradientColor.m; sourceTree = "<group>"; };
		AE7F92622248D9BA00B6FF02 /* AAChartModel.h */ = {isa = PBXFileReference; fileEncoding = 4; lastKnownFileType = sourcecode.c.h; path = AAChartModel.h; sourceTree = "<group>"; };
		AE7F92972248DDEA00B6FF02 /* HLYAxis.h */ = {isa = PBXFileReference; fileEncoding = 4; lastKnownFileType = sourcecode.c.h; path = HLYAxis.h; sourceTree = "<group>"; };
		AE7F92982248DDEA00B6FF02 /* HLXAxis.h */ = {isa = PBXFileReference; fileEncoding = 4; lastKnownFileType = sourcecode.c.h; path = HLXAxis.h; sourceTree = "<group>"; };
		AE7F92992248DDEA00B6FF02 /* HLXAxis.m */ = {isa = PBXFileReference; fileEncoding = 4; lastKnownFileType = sourcecode.c.objc; path = HLXAxis.m; sourceTree = "<group>"; };
		AE7F929A2248DDEA00B6FF02 /* HLYAxis.m */ = {isa = PBXFileReference; fileEncoding = 4; lastKnownFileType = sourcecode.c.objc; path = HLYAxis.m; sourceTree = "<group>"; };
		AE7F929D2248DE4500B6FF02 /* HLChartsVC.h */ = {isa = PBXFileReference; lastKnownFileType = sourcecode.c.h; path = HLChartsVC.h; sourceTree = "<group>"; };
		AE7F929E2248DE4500B6FF02 /* HLChartsVC.m */ = {isa = PBXFileReference; lastKnownFileType = sourcecode.c.objc; path = HLChartsVC.m; sourceTree = "<group>"; };
		AE7F92A22249B28000B6FF02 /* HLBundle.m */ = {isa = PBXFileReference; fileEncoding = 4; lastKnownFileType = sourcecode.c.objc; path = HLBundle.m; sourceTree = "<group>"; };
		AE7F92A32249B28100B6FF02 /* HLBundle.h */ = {isa = PBXFileReference; fileEncoding = 4; lastKnownFileType = sourcecode.c.h; path = HLBundle.h; sourceTree = "<group>"; };
		AE7F92A72249B2D700B6FF02 /* zh-Hans */ = {isa = PBXFileReference; lastKnownFileType = text.plist.strings; name = "zh-Hans"; path = "zh-Hans.lproj/LaunchScreen.strings"; sourceTree = "<group>"; };
		AE7F92A92249B2E200B6FF02 /* en */ = {isa = PBXFileReference; lastKnownFileType = text.plist.strings; name = en; path = en.lproj/InfoPlist.strings; sourceTree = "<group>"; };
		AE7F92AB2249B2E400B6FF02 /* zh-Hans */ = {isa = PBXFileReference; lastKnownFileType = text.plist.strings; name = "zh-Hans"; path = "zh-Hans.lproj/InfoPlist.strings"; sourceTree = "<group>"; };
		AE7F92AD2249B2EA00B6FF02 /* en */ = {isa = PBXFileReference; lastKnownFileType = text.plist.strings; name = en; path = en.lproj/Localizable.strings; sourceTree = "<group>"; };
		AE7F92AF2249B2F000B6FF02 /* zh-Hans */ = {isa = PBXFileReference; lastKnownFileType = text.plist.strings; name = "zh-Hans"; path = "zh-Hans.lproj/Localizable.strings"; sourceTree = "<group>"; };
		AE947059223A4F37008C472A /* HLHeader.h */ = {isa = PBXFileReference; lastKnownFileType = sourcecode.c.h; path = HLHeader.h; sourceTree = "<group>"; };
		AE94705A223A523F008C472A /* PLHLSecViewController.h */ = {isa = PBXFileReference; lastKnownFileType = sourcecode.c.h; path = PLHLSecViewController.h; sourceTree = "<group>"; };
		AE94705B223A523F008C472A /* PLHLSecViewController.m */ = {isa = PBXFileReference; lastKnownFileType = sourcecode.c.objc; path = PLHLSecViewController.m; sourceTree = "<group>"; };
		AE94705E223A5402008C472A /* PLHHRouterMap.h */ = {isa = PBXFileReference; lastKnownFileType = sourcecode.c.h; path = PLHHRouterMap.h; sourceTree = "<group>"; };
		AE94705F223A5402008C472A /* PLHHRouterMap.m */ = {isa = PBXFileReference; lastKnownFileType = sourcecode.c.objc; path = PLHHRouterMap.m; sourceTree = "<group>"; };
		AE947061223A5E25008C472A /* PLHHRouterMapHeader.h */ = {isa = PBXFileReference; lastKnownFileType = sourcecode.c.h; path = PLHHRouterMapHeader.h; sourceTree = "<group>"; };
		AEF1833C2230F9D800121D93 /* PirateIsland.app */ = {isa = PBXFileReference; explicitFileType = wrapper.application; includeInIndex = 0; path = PirateIsland.app; sourceTree = BUILT_PRODUCTS_DIR; };
		AEF183482230F9DA00121D93 /* Assets.xcassets */ = {isa = PBXFileReference; lastKnownFileType = folder.assetcatalog; path = Assets.xcassets; sourceTree = "<group>"; };
		AEF1834B2230F9DA00121D93 /* Base */ = {isa = PBXFileReference; lastKnownFileType = file.storyboard; name = Base; path = Base.lproj/LaunchScreen.storyboard; sourceTree = "<group>"; };
		AEFD085F22BE2A1B00867A6F /* PLHanLinDalyTestVC.h */ = {isa = PBXFileReference; lastKnownFileType = sourcecode.c.h; path = PLHanLinDalyTestVC.h; sourceTree = "<group>"; };
		AEFD086022BE2A1B00867A6F /* PLHanLinDalyTestVC.m */ = {isa = PBXFileReference; lastKnownFileType = sourcecode.c.objc; path = PLHanLinDalyTestVC.m; sourceTree = "<group>"; };
		AEFD08DD22C5B6EF00867A6F /* HLDalyTestCell.h */ = {isa = PBXFileReference; lastKnownFileType = sourcecode.c.h; path = HLDalyTestCell.h; sourceTree = "<group>"; };
		AEFD08DE22C5B6EF00867A6F /* HLDalyTestCell.m */ = {isa = PBXFileReference; lastKnownFileType = sourcecode.c.objc; path = HLDalyTestCell.m; sourceTree = "<group>"; };
		D4A6411877DAE0871A93DA03 /* Pods_PirateIsland.framework */ = {isa = PBXFileReference; explicitFileType = wrapper.framework; includeInIndex = 0; path = Pods_PirateIsland.framework; sourceTree = BUILT_PRODUCTS_DIR; };
/* End PBXFileReference section */

/* Begin PBXFrameworksBuildPhase section */
		AEF183392230F9D800121D93 /* Frameworks */ = {
			isa = PBXFrameworksBuildPhase;
			buildActionMask = 2147483647;
			files = (
				7C25E33A7EF24C8CAA397FFC /* Pods_PirateIsland.framework in Frameworks */,
			);
			runOnlyForDeploymentPostprocessing = 0;
		};
/* End PBXFrameworksBuildPhase section */

/* Begin PBXGroup section */
		2C4814E4223133BD00D57D9C /* SupportingFiles */ = {
			isa = PBXGroup;
			children = (
				2C4814E5223133BD00D57D9C /* AppDelegate.h */,
				2C4814E7223133BD00D57D9C /* AppDelegate.m */,
				2C4814E8223133BD00D57D9C /* Info.plist */,
				2C4814E6223133BD00D57D9C /* main.m */,
			);
			path = SupportingFiles;
			sourceTree = "<group>";
		};
		2C4814EA223133BD00D57D9C /* Headers */ = {
			isa = PBXGroup;
			children = (
				2C4814EF2231344B00D57D9C /* PrefixHeader.pch */,
				AE947059223A4F37008C472A /* HLHeader.h */,
				AE0434132244DB00009F2119 /* PLTool.h */,
				AE0434142244DB00009F2119 /* PLTool.m */,
			);
			path = Headers;
			sourceTree = "<group>";
		};
		2C4814F02231383A00D57D9C /* CommonUnit */ = {
			isa = PBXGroup;
			children = (
				AE94705D223A5329008C472A /* PLHHRouterSupportingFiles */,
				2C4814F22231388700D57D9C /* PLTabBarController.h */,
				2C4814F32231388700D57D9C /* PLTabBarController.m */,
				2C4814F52231396E00D57D9C /* PLBaseViewController.h */,
				2C4814F62231396E00D57D9C /* PLBaseViewController.m */,
				2C4814F8223139F400D57D9C /* PLNavigationViewController.h */,
				2C4814F9223139F400D57D9C /* PLNavigationViewController.m */,
			);
			path = CommonUnit;
			sourceTree = "<group>";
		};
		2C4814F12231384300D57D9C /* YanaUnit */ = {
			isa = PBXGroup;
			children = (
				2C4814FB22313B7B00D57D9C /* PLYanaViewController.h */,
				2C4814FC22313B7B00D57D9C /* PLYanaViewController.m */,
				2C17666522325A9400269E64 /* PLCollectionView.h */,
				2C17666622325A9400269E64 /* PLCollectionView.m */,
				2C17666822325B7100269E64 /* PLCollectionViewCell.h */,
				2C17666922325B7100269E64 /* PLCollectionViewCell.m */,
				2C17666C223266E800269E64 /* UINavigationBar+Awesome.h */,
				2C17666B223266E800269E64 /* UINavigationBar+Awesome.m */,
				2C17666E22326B6000269E64 /* PLYanaShareVC.h */,
				2C17666F22326B6000269E64 /* PLYanaShareVC.m */,
				2C1766712232717100269E64 /* PLShareView.h */,
				2C1766722232717100269E64 /* PLShareView.m */,
				2C1766742232742500269E64 /* PLShareButton.h */,
				2C1766752232742500269E64 /* PLShareButton.m */,
			);
			path = YanaUnit;
			sourceTree = "<group>";
		};
		2C4814FE22313CE000D57D9C /* HLUnit */ = {
			isa = PBXGroup;
			children = (
				AEFD085B22BE28C200867A6F /* DalyTest */,
				AE7F92902248DDB600B6FF02 /* HLCharts */,
				AE7F921B2244E61600B6FF02 /* internationaLization */,
				AE04340C2244CF3D009F2119 /* HLHeatMap */,
				2C4814FF22313D0600D57D9C /* PLHanLinViewController.h */,
				2C48150022313D0600D57D9C /* PLHanLinViewController.m */,
				AE94705A223A523F008C472A /* PLHLSecViewController.h */,
				AE94705B223A523F008C472A /* PLHLSecViewController.m */,
			);
			path = HLUnit;
			sourceTree = "<group>";
		};
		84E0340EABDA66E4E497C4A1 /* Frameworks */ = {
			isa = PBXGroup;
			children = (
				D4A6411877DAE0871A93DA03 /* Pods_PirateIsland.framework */,
			);
			name = Frameworks;
			sourceTree = "<group>";
		};
		AE04340C2244CF3D009F2119 /* HLHeatMap */ = {
			isa = PBXGroup;
			children = (
				AE04340D2244CFB2009F2119 /* HLHeatMapVC.h */,
				AE04340E2244CFB2009F2119 /* HLHeatMapVC.m */,
				AE0434112244D56D009F2119 /* UIImage+HeatMap.h */,
				AE0434102244D56C009F2119 /* UIImage+HeatMap.m */,
			);
			path = HLHeatMap;
			sourceTree = "<group>";
		};
		AE1A4E2062B0A0EAA6FDF294 /* Pods */ = {
			isa = PBXGroup;
			children = (
				9660252AEE6ADE333289619C /* Pods-PirateIsland.debug.xcconfig */,
				4DB5D5EAE2599975C559EA1F /* Pods-PirateIsland.release.xcconfig */,
			);
			path = Pods;
			sourceTree = "<group>";
		};
		AE7F921B2244E61600B6FF02 /* internationaLization */ = {
			isa = PBXGroup;
			children = (
				AE7F92A32249B28100B6FF02 /* HLBundle.h */,
				AE7F92A22249B28000B6FF02 /* HLBundle.m */,
				AE7F92AA2249B2E200B6FF02 /* InfoPlist.strings */,
				AE7F92AE2249B2EA00B6FF02 /* Localizable.strings */,
				AE286C222252096500CE2EF0 /* HLInternationaLizationVC.h */,
				AE286C232252096500CE2EF0 /* HLInternationaLizationVC.m */,
				AE286C25225212C400CE2EF0 /* HLInternationaLizationCell.h */,
				AE286C26225212C400CE2EF0 /* HLInternationaLizationCell.m */,
			);
			path = internationaLization;
			sourceTree = "<group>";
		};
		AE7F921C2248D98700B6FF02 /* Library(三方库) */ = {
			isa = PBXGroup;
			children = (
				AE7F921D2248D9BA00B6FF02 /* AAChartKitLib */,
			);
			path = "Library(三方库)";
			sourceTree = "<group>";
		};
		AE7F921D2248D9BA00B6FF02 /* AAChartKitLib */ = {
			isa = PBXGroup;
			children = (
				AE7F921E2248D9BA00B6FF02 /* AAJSFiles.bundle */,
				AE7F921F2248D9BA00B6FF02 /* AAOptionsModel */,
				AE7F92542248D9BA00B6FF02 /* AAChartConfiger */,
			);
			path = AAChartKitLib;
			sourceTree = "<group>";
		};
		AE7F921F2248D9BA00B6FF02 /* AAOptionsModel */ = {
			isa = PBXGroup;
			children = (
				AE7F92202248D9BA00B6FF02 /* AAArea.h */,
				AE7F92212248D9BA00B6FF02 /* AAAreaspline.m */,
				AE7F92222248D9BA00B6FF02 /* AATitle.h */,
				AE7F92232248D9BA00B6FF02 /* AALabels.m */,
				AE7F92242248D9BA00B6FF02 /* AAStyle.h */,
				AE7F92252248D9BA00B6FF02 /* AABar.h */,
				AE7F92262248D9BA00B6FF02 /* AASeries.m */,
				AE7F92272248D9BA00B6FF02 /* AAXAxis.m */,
				AE7F92282248D9BA00B6FF02 /* AAPlotOptions.m */,
				AE7F92292248D9BA00B6FF02 /* AADataLabels.m */,
				AE7F922A2248D9BA00B6FF02 /* AAPlotBandsElement.m */,
				AE7F922B2248D9BA00B6FF02 /* AALine.m */,
				AE7F922C2248D9BA00B6FF02 /* AAMarker.h */,
				AE7F922D2248D9BA00B6FF02 /* AALegend.h */,
				AE7F922E2248D9BA00B6FF02 /* AATooltip.m */,
				AE7F922F2248D9BA00B6FF02 /* AALabel.h */,
				AE7F92302248D9BA00B6FF02 /* AAAnimation.h */,
				AE7F92312248D9BA00B6FF02 /* AASubtitle.m */,
				AE7F92322248D9BA00B6FF02 /* AAYAxis.m */,
				AE7F92332248D9BA00B6FF02 /* AACrosshair.m */,
				AE7F92342248D9BA00B6FF02 /* AAPie.h */,
				AE7F92352248D9BA00B6FF02 /* AAItemStyle.h */,
				AE7F92362248D9BA00B6FF02 /* AASpline.h */,
				AE7F92372248D9BA00B6FF02 /* AAChart.h */,
				AE7F92382248D9BA00B6FF02 /* AAColumn.m */,
				AE7F92392248D9BA00B6FF02 /* AAPlotLinesElement.m */,
				AE7F923A2248D9BA00B6FF02 /* AAXAxis.h */,
				AE7F923B2248D9BA00B6FF02 /* AASeries.h */,
				AE7F923C2248D9BA00B6FF02 /* AAStyle.m */,
				AE7F923D2248D9BA00B6FF02 /* AABar.m */,
				AE7F923E2248D9BA00B6FF02 /* AATitle.m */,
				AE7F923F2248D9BA00B6FF02 /* AALabels.h */,
				AE7F92402248D9BA00B6FF02 /* AAAreaspline.h */,
				AE7F92412248D9BA00B6FF02 /* AAArea.m */,
				AE7F92422248D9BA00B6FF02 /* AAAnimation.m */,
				AE7F92432248D9BA00B6FF02 /* AALabel.m */,
				AE7F92442248D9BA00B6FF02 /* AALegend.m */,
				AE7F92452248D9BA00B6FF02 /* AATooltip.h */,
				AE7F92462248D9BA00B6FF02 /* AAMarker.m */,
				AE7F92472248D9BA00B6FF02 /* AALine.h */,
				AE7F92482248D9BA00B6FF02 /* AAPlotBandsElement.h */,
				AE7F92492248D9BA00B6FF02 /* AADataLabels.h */,
				AE7F924A2248D9BA00B6FF02 /* AAPlotOptions.h */,
				AE7F924B2248D9BA00B6FF02 /* AASpline.m */,
				AE7F924C2248D9BA00B6FF02 /* AAItemStyle.m */,
				AE7F924D2248D9BA00B6FF02 /* AAPie.m */,
				AE7F924E2248D9BA00B6FF02 /* AACrosshair.h */,
				AE7F924F2248D9BA00B6FF02 /* AAYAxis.h */,
				AE7F92502248D9BA00B6FF02 /* AASubtitle.h */,
				AE7F92512248D9BA00B6FF02 /* AAPlotLinesElement.h */,
				AE7F92522248D9BA00B6FF02 /* AAColumn.h */,
				AE7F92532248D9BA00B6FF02 /* AAChart.m */,
			);
			path = AAOptionsModel;
			sourceTree = "<group>";
		};
		AE7F92542248D9BA00B6FF02 /* AAChartConfiger */ = {
			isa = PBXGroup;
			children = (
				AE7F92552248D9BA00B6FF02 /* AAOptions.h */,
				AE7F92562248D9BA00B6FF02 /* AAChartView.m */,
				AE7F92572248D9BA00B6FF02 /* AAGlobalMacro.h */,
				AE7F92582248D9BA00B6FF02 /* AASeriesElement.h */,
				AE7F92592248D9BA00B6FF02 /* AAGradientColor.h */,
				AE7F925A2248D9BA00B6FF02 /* AAColor.h */,
				AE7F925B2248D9BA00B6FF02 /* AAChartModel.m */,
				AE7F925C2248D9BA00B6FF02 /* AAChartKit.h */,
				AE7F925D2248D9BA00B6FF02 /* AAOptions.m */,
				AE7F925E2248D9BA00B6FF02 /* AASeriesElement.m */,
				AE7F925F2248D9BA00B6FF02 /* AAChartView.h */,
				AE7F92602248D9BA00B6FF02 /* AAColor.m */,
				AE7F92612248D9BA00B6FF02 /* AAGradientColor.m */,
				AE7F92622248D9BA00B6FF02 /* AAChartModel.h */,
			);
			path = AAChartConfiger;
			sourceTree = "<group>";
		};
		AE7F92902248DDB600B6FF02 /* HLCharts */ = {
			isa = PBXGroup;
			children = (
				AE7F92982248DDEA00B6FF02 /* HLXAxis.h */,
				AE7F92992248DDEA00B6FF02 /* HLXAxis.m */,
				AE7F92972248DDEA00B6FF02 /* HLYAxis.h */,
				AE7F929A2248DDEA00B6FF02 /* HLYAxis.m */,
				AE7F929D2248DE4500B6FF02 /* HLChartsVC.h */,
				AE7F929E2248DE4500B6FF02 /* HLChartsVC.m */,
				AE286C16224DF9E100CE2EF0 /* HLChartsPieVC.h */,
				AE286C17224DF9E100CE2EF0 /* HLChartsPieVC.m */,
				AE286C19224E258200CE2EF0 /* HLChartsColumnVC.h */,
				AE286C1A224E258200CE2EF0 /* HLChartsColumnVC.m */,
				AE286C1C2251FAE300CE2EF0 /* HLChartsScatterVC.h */,
				AE286C1D2251FAE300CE2EF0 /* HLChartsScatterVC.m */,
				AE286C1F2252041600CE2EF0 /* HLChartsColumnrangeVC.h */,
				AE286C202252041600CE2EF0 /* HLChartsColumnrangeVC.m */,
			);
			path = HLCharts;
			sourceTree = "<group>";
		};
		AE94705D223A5329008C472A /* PLHHRouterSupportingFiles */ = {
			isa = PBXGroup;
			children = (
				AE94705E223A5402008C472A /* PLHHRouterMap.h */,
				AE94705F223A5402008C472A /* PLHHRouterMap.m */,
				AE947061223A5E25008C472A /* PLHHRouterMapHeader.h */,
			);
			path = PLHHRouterSupportingFiles;
			sourceTree = "<group>";
		};
		AEF183332230F9D800121D93 = {
			isa = PBXGroup;
			children = (
				AEF1833E2230F9D800121D93 /* PirateIsland */,
				AEF1833D2230F9D800121D93 /* Products */,
				AE1A4E2062B0A0EAA6FDF294 /* Pods */,
				84E0340EABDA66E4E497C4A1 /* Frameworks */,
			);
			sourceTree = "<group>";
		};
		AEF1833D2230F9D800121D93 /* Products */ = {
			isa = PBXGroup;
			children = (
				AEF1833C2230F9D800121D93 /* PirateIsland.app */,
			);
			name = Products;
			sourceTree = "<group>";
		};
		AEF1833E2230F9D800121D93 /* PirateIsland */ = {
			isa = PBXGroup;
			children = (
				2C4814F02231383A00D57D9C /* CommonUnit */,
				2C4814F12231384300D57D9C /* YanaUnit */,
				2C4814FE22313CE000D57D9C /* HLUnit */,
				2C4814EA223133BD00D57D9C /* Headers */,
				AE7F921C2248D98700B6FF02 /* Library(三方库) */,
				2C4814E4223133BD00D57D9C /* SupportingFiles */,
				AEF183482230F9DA00121D93 /* Assets.xcassets */,
				AEF1834A2230F9DA00121D93 /* LaunchScreen.storyboard */,
			);
			path = PirateIsland;
			sourceTree = "<group>";
		};
		AEFD085B22BE28C200867A6F /* DalyTest */ = {
			isa = PBXGroup;
			children = (
				AEFD085F22BE2A1B00867A6F /* PLHanLinDalyTestVC.h */,
				AEFD086022BE2A1B00867A6F /* PLHanLinDalyTestVC.m */,
				AEFD08DD22C5B6EF00867A6F /* HLDalyTestCell.h */,
				AEFD08DE22C5B6EF00867A6F /* HLDalyTestCell.m */,
			);
			path = DalyTest;
			sourceTree = "<group>";
		};
/* End PBXGroup section */

/* Begin PBXNativeTarget section */
		AEF1833B2230F9D800121D93 /* PirateIsland */ = {
			isa = PBXNativeTarget;
			buildConfigurationList = AEF183682230F9DA00121D93 /* Build configuration list for PBXNativeTarget "PirateIsland" */;
			buildPhases = (
				1BD4093B45303FE84589347A /* [CP] Check Pods Manifest.lock */,
				AEF183382230F9D800121D93 /* Sources */,
				AEF183392230F9D800121D93 /* Frameworks */,
				AEF1833A2230F9D800121D93 /* Resources */,
				00BB7D49383347A8D179A48D /* [CP] Embed Pods Frameworks */,
			);
			buildRules = (
			);
			dependencies = (
			);
			name = PirateIsland;
			productName = PirateIsland;
			productReference = AEF1833C2230F9D800121D93 /* PirateIsland.app */;
			productType = "com.apple.product-type.application";
		};
/* End PBXNativeTarget section */

/* Begin PBXProject section */
		AEF183342230F9D800121D93 /* Project object */ = {
			isa = PBXProject;
			attributes = {
				CLASSPREFIX = PL;
				LastUpgradeCheck = 1010;
				ORGANIZATIONNAME = PL;
				TargetAttributes = {
					AEF1833B2230F9D800121D93 = {
						CreatedOnToolsVersion = 10.1;
					};
				};
			};
			buildConfigurationList = AEF183372230F9D800121D93 /* Build configuration list for PBXProject "PirateIsland" */;
			compatibilityVersion = "Xcode 9.3";
			developmentRegion = en;
			hasScannedForEncodings = 0;
			knownRegions = (
				en,
				Base,
				"zh-Hans",
			);
			mainGroup = AEF183332230F9D800121D93;
			productRefGroup = AEF1833D2230F9D800121D93 /* Products */;
			projectDirPath = "";
			projectRoot = "";
			targets = (
				AEF1833B2230F9D800121D93 /* PirateIsland */,
			);
		};
/* End PBXProject section */

/* Begin PBXResourcesBuildPhase section */
		AEF1833A2230F9D800121D93 /* Resources */ = {
			isa = PBXResourcesBuildPhase;
			buildActionMask = 2147483647;
			files = (
				AE7F92AC2249B2EA00B6FF02 /* Localizable.strings in Resources */,
				AEF1834C2230F9DA00121D93 /* LaunchScreen.storyboard in Resources */,
				AE7F92A82249B2E200B6FF02 /* InfoPlist.strings in Resources */,
				AE7F92632248D9BA00B6FF02 /* AAJSFiles.bundle in Resources */,
				AEF183492230F9DA00121D93 /* Assets.xcassets in Resources */,
			);
			runOnlyForDeploymentPostprocessing = 0;
		};
/* End PBXResourcesBuildPhase section */

/* Begin PBXShellScriptBuildPhase section */
		00BB7D49383347A8D179A48D /* [CP] Embed Pods Frameworks */ = {
			isa = PBXShellScriptBuildPhase;
			buildActionMask = 2147483647;
			files = (
			);
			inputFileListPaths = (
			);
			inputPaths = (
				"${PODS_ROOT}/Target Support Files/Pods-PirateIsland/Pods-PirateIsland-frameworks.sh",
				"${BUILT_PRODUCTS_DIR}/AFNetworking/AFNetworking.framework",
				"${BUILT_PRODUCTS_DIR}/CYLTabBarController/CYLTabBarController.framework",
				"${BUILT_PRODUCTS_DIR}/HHRouter/HHRouter.framework",
				"${BUILT_PRODUCTS_DIR}/Masonry/Masonry.framework",
				"${BUILT_PRODUCTS_DIR}/RTRootNavigationController/RTRootNavigationController.framework",
				"${BUILT_PRODUCTS_DIR}/Toast/Toast.framework",
				"${BUILT_PRODUCTS_DIR}/YYKit/YYKit.framework",
			);
			name = "[CP] Embed Pods Frameworks";
			outputFileListPaths = (
			);
			outputPaths = (
				"${TARGET_BUILD_DIR}/${FRAMEWORKS_FOLDER_PATH}/AFNetworking.framework",
				"${TARGET_BUILD_DIR}/${FRAMEWORKS_FOLDER_PATH}/CYLTabBarController.framework",
				"${TARGET_BUILD_DIR}/${FRAMEWORKS_FOLDER_PATH}/HHRouter.framework",
				"${TARGET_BUILD_DIR}/${FRAMEWORKS_FOLDER_PATH}/Masonry.framework",
				"${TARGET_BUILD_DIR}/${FRAMEWORKS_FOLDER_PATH}/RTRootNavigationController.framework",
				"${TARGET_BUILD_DIR}/${FRAMEWORKS_FOLDER_PATH}/Toast.framework",
				"${TARGET_BUILD_DIR}/${FRAMEWORKS_FOLDER_PATH}/YYKit.framework",
			);
			runOnlyForDeploymentPostprocessing = 0;
			shellPath = /bin/sh;
			shellScript = "\"${PODS_ROOT}/Target Support Files/Pods-PirateIsland/Pods-PirateIsland-frameworks.sh\"\n";
			showEnvVarsInLog = 0;
		};
		1BD4093B45303FE84589347A /* [CP] Check Pods Manifest.lock */ = {
			isa = PBXShellScriptBuildPhase;
			buildActionMask = 2147483647;
			files = (
			);
			inputFileListPaths = (
			);
			inputPaths = (
				"${PODS_PODFILE_DIR_PATH}/Podfile.lock",
				"${PODS_ROOT}/Manifest.lock",
			);
			name = "[CP] Check Pods Manifest.lock";
			outputFileListPaths = (
			);
			outputPaths = (
				"$(DERIVED_FILE_DIR)/Pods-PirateIsland-checkManifestLockResult.txt",
			);
			runOnlyForDeploymentPostprocessing = 0;
			shellPath = /bin/sh;
			shellScript = "diff \"${PODS_PODFILE_DIR_PATH}/Podfile.lock\" \"${PODS_ROOT}/Manifest.lock\" > /dev/null\nif [ $? != 0 ] ; then\n    # print error to STDERR\n    echo \"error: The sandbox is not in sync with the Podfile.lock. Run 'pod install' or update your CocoaPods installation.\" >&2\n    exit 1\nfi\n# This output is used by Xcode 'outputs' to avoid re-running this script phase.\necho \"SUCCESS\" > \"${SCRIPT_OUTPUT_FILE_0}\"\n";
			showEnvVarsInLog = 0;
		};
/* End PBXShellScriptBuildPhase section */

/* Begin PBXSourcesBuildPhase section */
		AEF183382230F9D800121D93 /* Sources */ = {
			isa = PBXSourcesBuildPhase;
			buildActionMask = 2147483647;
			files = (
				AE7F927C2248D9BA00B6FF02 /* AAPie.m in Sources */,
				AE7F92782248D9BA00B6FF02 /* AALegend.m in Sources */,
				AE7F92692248D9BA00B6FF02 /* AADataLabels.m in Sources */,
				2C17666722325A9400269E64 /* PLCollectionView.m in Sources */,
				AE7F927D2248D9BA00B6FF02 /* AAChart.m in Sources */,
				AE7F92662248D9BA00B6FF02 /* AASeries.m in Sources */,
				2C48150122313D0600D57D9C /* PLHanLinViewController.m in Sources */,
				2C4814ED223133BD00D57D9C /* AppDelegate.m in Sources */,
				2C4814FD22313B7B00D57D9C /* PLYanaViewController.m in Sources */,
				AE7F92752248D9BA00B6FF02 /* AAArea.m in Sources */,
				2C4814FA223139F400D57D9C /* PLNavigationViewController.m in Sources */,
				AE286C242252096500CE2EF0 /* HLInternationaLizationVC.m in Sources */,
				AE7F92722248D9BA00B6FF02 /* AAStyle.m in Sources */,
				AE7F92642248D9BA00B6FF02 /* AAAreaspline.m in Sources */,
				AE7F926C2248D9BA00B6FF02 /* AATooltip.m in Sources */,
				AEFD08DF22C5B6F000867A6F /* HLDalyTestCell.m in Sources */,
				AE7F926D2248D9BA00B6FF02 /* AASubtitle.m in Sources */,
				AE04340F2244CFB2009F2119 /* HLHeatMapVC.m in Sources */,
				2C17666A22325B7100269E64 /* PLCollectionViewCell.m in Sources */,
				AE7F92A62249B28100B6FF02 /* HLBundle.m in Sources */,
				AE947060223A5402008C472A /* PLHHRouterMap.m in Sources */,
				AE7F929B2248DDEA00B6FF02 /* HLXAxis.m in Sources */,
				AE7F927F2248D9BA00B6FF02 /* AAChartModel.m in Sources */,
				AE286C212252041600CE2EF0 /* HLChartsColumnrangeVC.m in Sources */,
				AE7F927B2248D9BA00B6FF02 /* AAItemStyle.m in Sources */,
				2C4814F42231388700D57D9C /* PLTabBarController.m in Sources */,
				AE286C27225212C400CE2EF0 /* HLInternationaLizationCell.m in Sources */,
				AE7F92672248D9BA00B6FF02 /* AAXAxis.m in Sources */,
				2C17667022326B6000269E64 /* PLYanaShareVC.m in Sources */,
				AEFD086122BE2A1B00867A6F /* PLHanLinDalyTestVC.m in Sources */,
				AE94705C223A523F008C472A /* PLHLSecViewController.m in Sources */,
				AE7F92702248D9BA00B6FF02 /* AAColumn.m in Sources */,
				AE7F92772248D9BA00B6FF02 /* AALabel.m in Sources */,
				AE7F92802248D9BA00B6FF02 /* AAOptions.m in Sources */,
				AE7F926A2248D9BA00B6FF02 /* AAPlotBandsElement.m in Sources */,
				2C1766762232742500269E64 /* PLShareButton.m in Sources */,
				AE286C18224DF9E100CE2EF0 /* HLChartsPieVC.m in Sources */,
				AE7F929C2248DDEA00B6FF02 /* HLYAxis.m in Sources */,
				AE7F926B2248D9BA00B6FF02 /* AALine.m in Sources */,
				AE7F92712248D9BA00B6FF02 /* AAPlotLinesElement.m in Sources */,
				AE0434122244D56D009F2119 /* UIImage+HeatMap.m in Sources */,
				2C4814EC223133BD00D57D9C /* main.m in Sources */,
				AE286C1B224E258200CE2EF0 /* HLChartsColumnVC.m in Sources */,
				AE286C1E2251FAE300CE2EF0 /* HLChartsScatterVC.m in Sources */,
				2C4814F72231396E00D57D9C /* PLBaseViewController.m in Sources */,
				2C1766732232717100269E64 /* PLShareView.m in Sources */,
				AE7F92812248D9BA00B6FF02 /* AASeriesElement.m in Sources */,
				AE7F926F2248D9BA00B6FF02 /* AACrosshair.m in Sources */,
				AE7F926E2248D9BA00B6FF02 /* AAYAxis.m in Sources */,
				AE7F92762248D9BA00B6FF02 /* AAAnimation.m in Sources */,
				AE7F92792248D9BA00B6FF02 /* AAMarker.m in Sources */,
				AE7F92682248D9BA00B6FF02 /* AAPlotOptions.m in Sources */,
				2C17666D223266E800269E64 /* UINavigationBar+Awesome.m in Sources */,
				AE7F92732248D9BA00B6FF02 /* AABar.m in Sources */,
				AE7F927E2248D9BA00B6FF02 /* AAChartView.m in Sources */,
				AE7F927A2248D9BA00B6FF02 /* AASpline.m in Sources */,
				AE7F92652248D9BA00B6FF02 /* AALabels.m in Sources */,
				AE7F92742248D9BA00B6FF02 /* AATitle.m in Sources */,
				AE7F92832248D9BA00B6FF02 /* AAGradientColor.m in Sources */,
				AE0434152244DB00009F2119 /* PLTool.m in Sources */,
				AE7F92822248D9BA00B6FF02 /* AAColor.m in Sources */,
				AE7F929F2248DE4600B6FF02 /* HLChartsVC.m in Sources */,
			);
			runOnlyForDeploymentPostprocessing = 0;
		};
/* End PBXSourcesBuildPhase section */

/* Begin PBXVariantGroup section */
		AE7F92AA2249B2E200B6FF02 /* InfoPlist.strings */ = {
			isa = PBXVariantGroup;
			children = (
				AE7F92A92249B2E200B6FF02 /* en */,
				AE7F92AB2249B2E400B6FF02 /* zh-Hans */,
			);
			name = InfoPlist.strings;
			sourceTree = "<group>";
		};
		AE7F92AE2249B2EA00B6FF02 /* Localizable.strings */ = {
			isa = PBXVariantGroup;
			children = (
				AE7F92AD2249B2EA00B6FF02 /* en */,
				AE7F92AF2249B2F000B6FF02 /* zh-Hans */,
			);
			name = Localizable.strings;
			sourceTree = "<group>";
		};
		AEF1834A2230F9DA00121D93 /* LaunchScreen.storyboard */ = {
			isa = PBXVariantGroup;
			children = (
				AEF1834B2230F9DA00121D93 /* Base */,
				AE7F92A72249B2D700B6FF02 /* zh-Hans */,
			);
			name = LaunchScreen.storyboard;
			sourceTree = "<group>";
		};
/* End PBXVariantGroup section */

/* Begin XCBuildConfiguration section */
		AEF183662230F9DA00121D93 /* Debug */ = {
			isa = XCBuildConfiguration;
			buildSettings = {
				ALWAYS_SEARCH_USER_PATHS = NO;
				CLANG_ANALYZER_LOCALIZABILITY_NONLOCALIZED = YES;
				CLANG_ANALYZER_NONNULL = YES;
				CLANG_ANALYZER_NUMBER_OBJECT_CONVERSION = YES_AGGRESSIVE;
				CLANG_CXX_LANGUAGE_STANDARD = "gnu++14";
				CLANG_CXX_LIBRARY = "libc++";
				CLANG_ENABLE_MODULES = YES;
				CLANG_ENABLE_OBJC_ARC = YES;
				CLANG_ENABLE_OBJC_WEAK = YES;
				CLANG_WARN_BLOCK_CAPTURE_AUTORELEASING = YES;
				CLANG_WARN_BOOL_CONVERSION = YES;
				CLANG_WARN_COMMA = YES;
				CLANG_WARN_CONSTANT_CONVERSION = YES;
				CLANG_WARN_DEPRECATED_OBJC_IMPLEMENTATIONS = YES;
				CLANG_WARN_DIRECT_OBJC_ISA_USAGE = YES_ERROR;
				CLANG_WARN_DOCUMENTATION_COMMENTS = YES;
				CLANG_WARN_EMPTY_BODY = YES;
				CLANG_WARN_ENUM_CONVERSION = YES;
				CLANG_WARN_INFINITE_RECURSION = YES;
				CLANG_WARN_INT_CONVERSION = YES;
				CLANG_WARN_NON_LITERAL_NULL_CONVERSION = YES;
				CLANG_WARN_OBJC_IMPLICIT_RETAIN_SELF = YES;
				CLANG_WARN_OBJC_LITERAL_CONVERSION = YES;
				CLANG_WARN_OBJC_ROOT_CLASS = YES_ERROR;
				CLANG_WARN_RANGE_LOOP_ANALYSIS = YES;
				CLANG_WARN_STRICT_PROTOTYPES = YES;
				CLANG_WARN_SUSPICIOUS_MOVE = YES;
				CLANG_WARN_UNGUARDED_AVAILABILITY = YES_AGGRESSIVE;
				CLANG_WARN_UNREACHABLE_CODE = YES;
				CLANG_WARN__DUPLICATE_METHOD_MATCH = YES;
				CODE_SIGN_IDENTITY = "iPhone Developer";
				COPY_PHASE_STRIP = NO;
				DEBUG_INFORMATION_FORMAT = dwarf;
				ENABLE_STRICT_OBJC_MSGSEND = YES;
				ENABLE_TESTABILITY = YES;
				GCC_C_LANGUAGE_STANDARD = gnu11;
				GCC_DYNAMIC_NO_PIC = NO;
				GCC_NO_COMMON_BLOCKS = YES;
				GCC_OPTIMIZATION_LEVEL = 0;
				GCC_PREPROCESSOR_DEFINITIONS = (
					"DEBUG=1",
					"$(inherited)",
				);
				GCC_WARN_64_TO_32_BIT_CONVERSION = YES;
				GCC_WARN_ABOUT_RETURN_TYPE = YES_ERROR;
				GCC_WARN_UNDECLARED_SELECTOR = YES;
				GCC_WARN_UNINITIALIZED_AUTOS = YES_AGGRESSIVE;
				GCC_WARN_UNUSED_FUNCTION = YES;
				GCC_WARN_UNUSED_VARIABLE = YES;
				IPHONEOS_DEPLOYMENT_TARGET = 12.1;
				MTL_ENABLE_DEBUG_INFO = INCLUDE_SOURCE;
				MTL_FAST_MATH = YES;
				ONLY_ACTIVE_ARCH = YES;
				SDKROOT = iphoneos;
			};
			name = Debug;
		};
		AEF183672230F9DA00121D93 /* Release */ = {
			isa = XCBuildConfiguration;
			buildSettings = {
				ALWAYS_SEARCH_USER_PATHS = NO;
				CLANG_ANALYZER_LOCALIZABILITY_NONLOCALIZED = YES;
				CLANG_ANALYZER_NONNULL = YES;
				CLANG_ANALYZER_NUMBER_OBJECT_CONVERSION = YES_AGGRESSIVE;
				CLANG_CXX_LANGUAGE_STANDARD = "gnu++14";
				CLANG_CXX_LIBRARY = "libc++";
				CLANG_ENABLE_MODULES = YES;
				CLANG_ENABLE_OBJC_ARC = YES;
				CLANG_ENABLE_OBJC_WEAK = YES;
				CLANG_WARN_BLOCK_CAPTURE_AUTORELEASING = YES;
				CLANG_WARN_BOOL_CONVERSION = YES;
				CLANG_WARN_COMMA = YES;
				CLANG_WARN_CONSTANT_CONVERSION = YES;
				CLANG_WARN_DEPRECATED_OBJC_IMPLEMENTATIONS = YES;
				CLANG_WARN_DIRECT_OBJC_ISA_USAGE = YES_ERROR;
				CLANG_WARN_DOCUMENTATION_COMMENTS = YES;
				CLANG_WARN_EMPTY_BODY = YES;
				CLANG_WARN_ENUM_CONVERSION = YES;
				CLANG_WARN_INFINITE_RECURSION = YES;
				CLANG_WARN_INT_CONVERSION = YES;
				CLANG_WARN_NON_LITERAL_NULL_CONVERSION = YES;
				CLANG_WARN_OBJC_IMPLICIT_RETAIN_SELF = YES;
				CLANG_WARN_OBJC_LITERAL_CONVERSION = YES;
				CLANG_WARN_OBJC_ROOT_CLASS = YES_ERROR;
				CLANG_WARN_RANGE_LOOP_ANALYSIS = YES;
				CLANG_WARN_STRICT_PROTOTYPES = YES;
				CLANG_WARN_SUSPICIOUS_MOVE = YES;
				CLANG_WARN_UNGUARDED_AVAILABILITY = YES_AGGRESSIVE;
				CLANG_WARN_UNREACHABLE_CODE = YES;
				CLANG_WARN__DUPLICATE_METHOD_MATCH = YES;
				CODE_SIGN_IDENTITY = "iPhone Developer";
				COPY_PHASE_STRIP = NO;
				DEBUG_INFORMATION_FORMAT = "dwarf-with-dsym";
				ENABLE_NS_ASSERTIONS = NO;
				ENABLE_STRICT_OBJC_MSGSEND = YES;
				GCC_C_LANGUAGE_STANDARD = gnu11;
				GCC_NO_COMMON_BLOCKS = YES;
				GCC_WARN_64_TO_32_BIT_CONVERSION = YES;
				GCC_WARN_ABOUT_RETURN_TYPE = YES_ERROR;
				GCC_WARN_UNDECLARED_SELECTOR = YES;
				GCC_WARN_UNINITIALIZED_AUTOS = YES_AGGRESSIVE;
				GCC_WARN_UNUSED_FUNCTION = YES;
				GCC_WARN_UNUSED_VARIABLE = YES;
				IPHONEOS_DEPLOYMENT_TARGET = 12.1;
				MTL_ENABLE_DEBUG_INFO = NO;
				MTL_FAST_MATH = YES;
				SDKROOT = iphoneos;
				VALIDATE_PRODUCT = YES;
			};
			name = Release;
		};
		AEF183692230F9DA00121D93 /* Debug */ = {
			isa = XCBuildConfiguration;
			baseConfigurationReference = 9660252AEE6ADE333289619C /* Pods-PirateIsland.debug.xcconfig */;
			buildSettings = {
				ASSETCATALOG_COMPILER_APPICON_NAME = AppIcon;
				CODE_SIGN_IDENTITY = "iPhone Developer";
				CODE_SIGN_STYLE = Automatic;
				DEVELOPMENT_TEAM = H89WQT8Z9D;
				GCC_PRECOMPILE_PREFIX_HEADER = YES;
				GCC_PREFIX_HEADER = "$(SRCROOT)/PirateIsland/Headers/PrefixHeader.pch";
				INFOPLIST_FILE = "$(SRCROOT)/PirateIsland/SupportingFiles/Info.plist";
				IPHONEOS_DEPLOYMENT_TARGET = 9.0;
				LD_RUNPATH_SEARCH_PATHS = (
					"$(inherited)",
					"@executable_path/Frameworks",
				);
				PRODUCT_BUNDLE_IDENTIFIER = PirateIsland.PirateIsland;
				PRODUCT_NAME = "$(TARGET_NAME)";
				PROVISIONING_PROFILE_SPECIFIER = "";
				TARGETED_DEVICE_FAMILY = "1,2";
			};
			name = Debug;
		};
		AEF1836A2230F9DA00121D93 /* Release */ = {
			isa = XCBuildConfiguration;
			baseConfigurationReference = 4DB5D5EAE2599975C559EA1F /* Pods-PirateIsland.release.xcconfig */;
			buildSettings = {
				ASSETCATALOG_COMPILER_APPICON_NAME = AppIcon;
				CODE_SIGN_IDENTITY = "iPhone Developer";
				CODE_SIGN_STYLE = Automatic;
				DEVELOPMENT_TEAM = H89WQT8Z9D;
				GCC_PRECOMPILE_PREFIX_HEADER = YES;
				GCC_PREFIX_HEADER = "$(SRCROOT)/PirateIsland/Headers/PrefixHeader.pch";
				INFOPLIST_FILE = "$(SRCROOT)/PirateIsland/SupportingFiles/Info.plist";
				IPHONEOS_DEPLOYMENT_TARGET = 9.0;
				LD_RUNPATH_SEARCH_PATHS = (
					"$(inherited)",
					"@executable_path/Frameworks",
				);
				PRODUCT_BUNDLE_IDENTIFIER = PirateIsland.PirateIsland;
				PRODUCT_NAME = "$(TARGET_NAME)";
				PROVISIONING_PROFILE_SPECIFIER = "";
				TARGETED_DEVICE_FAMILY = "1,2";
			};
			name = Release;
		};
/* End XCBuildConfiguration section */

/* Begin XCConfigurationList section */
		AEF183372230F9D800121D93 /* Build configuration list for PBXProject "PirateIsland" */ = {
			isa = XCConfigurationList;
			buildConfigurations = (
				AEF183662230F9DA00121D93 /* Debug */,
				AEF183672230F9DA00121D93 /* Release */,
			);
			defaultConfigurationIsVisible = 0;
			defaultConfigurationName = Release;
		};
		AEF183682230F9DA00121D93 /* Build configuration list for PBXNativeTarget "PirateIsland" */ = {
			isa = XCConfigurationList;
			buildConfigurations = (
				AEF183692230F9DA00121D93 /* Debug */,
				AEF1836A2230F9DA00121D93 /* Release */,
			);
			defaultConfigurationIsVisible = 0;
			defaultConfigurationName = Release;
		};
/* End XCConfigurationList section */
	};
	rootObject = AEF183342230F9D800121D93 /* Project object */;
}
